<?xml version="1.0" encoding="UTF-8"?>
<Scheme
   LastUpgradeVersion = "0430"
   version = "1.7">
   <BuildAction
      parallelizeBuildables = "YES"
      buildImplicitDependencies = "YES">
      <BuildActionEntries>
         <BuildActionEntry
            buildForTesting = "YES"
            buildForRunning = "YES"
            buildForProfiling = "YES"
            buildForArchiving = "YES"
            buildForAnalyzing = "YES">
            <BuildableReference
               BuildableIdentifier = "primary"
               BlueprintIdentifier = "0DD6B80115709CAF0003D792"
               BuildableName = "Gnomescroll.app"
               BlueprintName = "Gnomescroll Client"
               ReferencedContainer = "container:Gnomescroll.xcodeproj">
            </BuildableReference>
         </BuildActionEntry>
      </BuildActionEntries>
   </BuildAction>
   <TestAction
      selectedDebuggerIdentifier = "Xcode.DebuggerFoundation.Debugger.GDB"
      selectedLauncherIdentifier = "Xcode.DebuggerFoundation.Launcher.GDB"
      shouldUseLaunchSchemeArgsEnv = "YES"
      buildConfiguration = "Debug">
      <Testables>
      </Testables>
      <MacroExpansion>
         <BuildableReference
            BuildableIdentifier = "primary"
            BlueprintIdentifier = "0DD6B80115709CAF0003D792"
            BuildableName = "Gnomescroll.app"
            BlueprintName = "Gnomescroll Client"
            ReferencedContainer = "container:Gnomescroll.xcodeproj">
         </BuildableReference>
      </MacroExpansion>
   </TestAction>
   <LaunchAction
      selectedDebuggerIdentifier = "Xcode.DebuggerFoundation.Debugger.LLDB"
      selectedLauncherIdentifier = "Xcode.DebuggerFoundation.Launcher.LLDB"
      launchStyle = "0"
      useCustomWorkingDirectory = "NO"
      buildConfiguration = "Debug"
      ignoresPersistentStateOnLaunch = "NO"
      debugDocumentVersioning = "YES"
      allowLocationSimulation = "YES">
      <BuildableProductRunnable>
         <BuildableReference
            BuildableIdentifier = "primary"
            BlueprintIdentifier = "0DD6B80115709CAF0003D792"
            BuildableName = "Gnomescroll.app"
            BlueprintName = "Gnomescroll Client"
            ReferencedContainer = "container:Gnomescroll.xcodeproj">
         </BuildableReference>
      </BuildableProductRunnable>
      <CommandLineArguments>
         <CommandLineArgument
            argument = "/Users/maslow/dc_mmo/netclient/settings/dev.lua"
            isEnabled = "YES">
         </CommandLineArgument>
         <CommandLineArgument
            argument = "--fullscreen=true"
            isEnabled = "NO">
         </CommandLineArgument>
      </CommandLineArguments>
      <AdditionalOptions>
      </AdditionalOptions>
   </LaunchAction>
   <ProfileAction
      shouldUseLaunchSchemeArgsEnv = "YES"
      savedToolIdentifier = ""
      useCustomWorkingDirectory = "NO"
      buildConfiguration = "Debug"
      debugDocumentVersioning = "YES">
      <BuildableProductRunnable>
         <BuildableReference
            BuildableIdentifier = "primary"
            BlueprintIdentifier = "0DD6B80115709CAF0003D792"
            BuildableName = "Gnomescroll.app"
            BlueprintName = "Gnomescroll Client"
            ReferencedContainer = "container:Gnomescroll.xcodeproj">
         </BuildableReference>
      </BuildableProductRunnable>
   </ProfileAction>
   <AnalyzeAction
      buildConfiguration = "Debug">
   </AnalyzeAction>
   <ArchiveAction
      buildConfiguration = "Release"
      customArchiveName = "Gnomescroll"
      revealArchiveInOrganizer = "YES">
      <PostActions>
         <ExecutionAction
            ActionType = "Xcode.IDEStandardExecutionActionsCore.ExecutionActionType.ShellScriptAction">
            <ActionContent
               title = "Run Script"
               scriptText = "rm -rf &quot;~/Desktop/${FULL_PRODUCT_NAME}&quot;&#10;cp -R &quot;${ARCHIVE_PRODUCTS_PATH}/Applications/${FULL_PRODUCT_NAME}&quot; ~/Desktop/">
               <EnvironmentBuildable>
                  <BuildableReference
                     BuildableIdentifier = "primary"
                     BlueprintIdentifier = "0DD6B80115709CAF0003D792"
                     BuildableName = "Gnomescroll.app"
                     BlueprintName = "Gnomescroll Client"
                     ReferencedContainer = "container:Gnomescroll.xcodeproj">
                  </BuildableReference>
               </EnvironmentBuildable>
            </ActionContent>
         </ExecutionAction>
      </PostActions>
   </ArchiveAction>
</Scheme>
