<?xml version="1.0" encoding="utf-8"?>
<Project ToolsVersion="4.0" xmlns="http://schemas.microsoft.com/developer/msbuild/2003">
  <ItemGroup>
    <Filter Include="Source Files">
      <UniqueIdentifier>{4FC737F1-C7A5-4376-A066-2A32D752A2FF}</UniqueIdentifier>
      <Extensions>cpp;c;cc;cxx;def;odl;idl;hpj;bat;asm;asmx</Extensions>
    </Filter>
    <Filter Include="Header Files">
      <UniqueIdentifier>{93995380-89BD-4b04-88EB-625FBE52EBFB}</UniqueIdentifier>
      <Extensions>h;hpp;hxx;hm;inl;inc;xsd</Extensions>
    </Filter>
    <Filter Include="Resource Files">
      <UniqueIdentifier>{67DA6AB6-F800-4c08-8B7A-83BB121AAD01}</UniqueIdentifier>
      <Extensions>rc;ico;cur;bmp;dlg;rc2;rct;bin;rgs;gif;jpg;jpeg;jpe;resx;tiff;tif;png;wav</Extensions>
    </Filter>
  </ItemGroup>
  <ItemGroup>
    <ClCompile Include="c_lib\agent\agent.cpp">
      <Filter>Source Files</Filter>
    </ClCompile>
    <ClCompile Include="c_lib\agent\agent_list.cpp">
      <Filter>Source Files</Filter>
    </ClCompile>
    <ClCompile Include="c_lib\agent\agent_physics.cpp">
      <Filter>Source Files</Filter>
    </ClCompile>
    <ClCompile Include="c_lib\agent\agent_status.cpp">
      <Filter>Source Files</Filter>
    </ClCompile>
    <ClCompile Include="c_lib\agent\net_agent.cpp">
      <Filter>Source Files</Filter>
    </ClCompile>
    <ClCompile Include="c_lib\agent\client\agent_draw.cpp">
      <Filter>Source Files</Filter>
    </ClCompile>
    <ClCompile Include="c_lib\agent\client\agent_event.cpp">
      <Filter>Source Files</Filter>
    </ClCompile>
    <ClCompile Include="c_lib\agent\client\agent_sound_handler.cpp">
      <Filter>Source Files</Filter>
    </ClCompile>
    <ClCompile Include="c_lib\agent\client\player_agent.cpp">
      <Filter>Source Files</Filter>
    </ClCompile>
    <ClCompile Include="c_lib\agent\client\player_agent_action.cpp">
      <Filter>Source Files</Filter>
    </ClCompile>
    <ClCompile Include="c_lib\animations\animations.cpp">
      <Filter>Source Files</Filter>
    </ClCompile>
    <ClCompile Include="c_lib\animations\hitscan.cpp">
      <Filter>Source Files</Filter>
    </ClCompile>
    <ClCompile Include="c_lib\animations\hitscan_laser.cpp">
      <Filter>Source Files</Filter>
    </ClCompile>
    <ClCompile Include="c_lib\animations\insect_mob.cpp">
      <Filter>Source Files</Filter>
    </ClCompile>
    <ClCompile Include="c_lib\animations\mining_laser.cpp">
      <Filter>Source Files</Filter>
    </ClCompile>
    <ClCompile Include="c_lib\animations\weapon.cpp">
      <Filter>Source Files</Filter>
    </ClCompile>
    <ClCompile Include="c_lib\animations\_interface.cpp">
      <Filter>Source Files</Filter>
    </ClCompile>
    <ClCompile Include="c_lib\camera\camera.cpp">
      <Filter>Source Files</Filter>
    </ClCompile>
    <ClCompile Include="c_lib\camera\fulstrum_test.cpp">
      <Filter>Source Files</Filter>
    </ClCompile>
    <ClCompile Include="c_lib\camera\fulstrum_test2.cpp">
      <Filter>Source Files</Filter>
    </ClCompile>
    <ClCompile Include="c_lib\camera\skybox\skybox.cpp">
      <Filter>Source Files</Filter>
    </ClCompile>
    <ClCompile Include="c_lib\chat\client.cpp">
      <Filter>Source Files</Filter>
    </ClCompile>
    <ClCompile Include="c_lib\chat\interface.cpp">
      <Filter>Source Files</Filter>
    </ClCompile>
    <ClCompile Include="c_lib\chat\packets.cpp">
      <Filter>Source Files</Filter>
    </ClCompile>
    <ClCompile Include="c_lib\chat\server.cpp">
      <Filter>Source Files</Filter>
    </ClCompile>
    <ClCompile Include="c_lib\common\common.cpp">
      <Filter>Source Files</Filter>
    </ClCompile>
    <ClCompile Include="c_lib\common\files.cpp">
      <Filter>Source Files</Filter>
    </ClCompile>
    <ClCompile Include="c_lib\common\logger.cpp">
      <Filter>Source Files</Filter>
    </ClCompile>
    <ClCompile Include="c_lib\common\qsort.c">
      <Filter>Source Files</Filter>
    </ClCompile>
    <ClCompile Include="c_lib\common\analytics\sessions.cpp">
      <Filter>Source Files</Filter>
    </ClCompile>
    <ClCompile Include="c_lib\common\compression\test.cpp">
      <Filter>Source Files</Filter>
    </ClCompile>
    <ClCompile Include="c_lib\common\compression\example1.c">
      <Filter>Source Files</Filter>
    </ClCompile>
    <ClCompile Include="c_lib\common\compression\example2.c">
      <Filter>Source Files</Filter>
    </ClCompile>
    <ClCompile Include="c_lib\common\compression\example3.c">
      <Filter>Source Files</Filter>
    </ClCompile>
    <ClCompile Include="c_lib\common\compression\example4.c">
      <Filter>Source Files</Filter>
    </ClCompile>
    <ClCompile Include="c_lib\common\compression\miniz.c">
      <Filter>Source Files</Filter>
    </ClCompile>
    <ClCompile Include="c_lib\common\compression\tinfl.c">
      <Filter>Source Files</Filter>
    </ClCompile>
    <ClCompile Include="c_lib\common\draw\draw.cpp">
      <Filter>Source Files</Filter>
    </ClCompile>
    <ClCompile Include="c_lib\common\lua\lua.cpp">
      <Filter>Source Files</Filter>
    </ClCompile>
    <ClCompile Include="c_lib\common\profiling\frame_graph.cpp">
      <Filter>Source Files</Filter>
    </ClCompile>
    <ClCompile Include="c_lib\common\profiling\map_vbo_graph.cpp">
      <Filter>Source Files</Filter>
    </ClCompile>
    <ClCompile Include="c_lib\common\profiling\texture_surface.cpp">
      <Filter>Source Files</Filter>
    </ClCompile>
    <ClCompile Include="c_lib\common\time\physics_timer.cpp">
      <Filter>Source Files</Filter>
    </ClCompile>
    <ClCompile Include="c_lib\entity\components.cpp">
      <Filter>Source Files</Filter>
    </ClCompile>
    <ClCompile Include="c_lib\entity\include.cpp">
      <Filter>Source Files</Filter>
    </ClCompile>
    <ClCompile Include="c_lib\entity\objects.cpp">
      <Filter>Source Files</Filter>
    </ClCompile>
    <ClCompile Include="c_lib\entity\component\component.cpp">
      <Filter>Source Files</Filter>
    </ClCompile>
    <ClCompile Include="c_lib\entity\component\component_list.cpp">
      <Filter>Source Files</Filter>
    </ClCompile>
    <ClCompile Include="c_lib\entity\component\lists.cpp">
      <Filter>Source Files</Filter>
    </ClCompile>
    <ClCompile Include="c_lib\entity\component\main.cpp">
      <Filter>Source Files</Filter>
    </ClCompile>
    <ClCompile Include="c_lib\entity\component\lists\agent_spawner_list.cpp">
      <Filter>Source Files</Filter>
    </ClCompile>
    <ClCompile Include="c_lib\entity\component\lists\owner_list.cpp">
      <Filter>Source Files</Filter>
    </ClCompile>
    <ClCompile Include="c_lib\entity\components\animation.cpp">
      <Filter>Source Files</Filter>
    </ClCompile>
    <ClCompile Include="c_lib\entity\components\dimension.cpp">
      <Filter>Source Files</Filter>
    </ClCompile>
    <ClCompile Include="c_lib\entity\components\draw.cpp">
      <Filter>Source Files</Filter>
    </ClCompile>
    <ClCompile Include="c_lib\entity\components\explosion.cpp">
      <Filter>Source Files</Filter>
    </ClCompile>
    <ClCompile Include="c_lib\entity\components\health.cpp">
      <Filter>Source Files</Filter>
    </ClCompile>
    <ClCompile Include="c_lib\entity\components\include.cpp">
      <Filter>Source Files</Filter>
    </ClCompile>
    <ClCompile Include="c_lib\entity\components\item_drop.cpp">
      <Filter>Source Files</Filter>
    </ClCompile>
    <ClCompile Include="c_lib\entity\components\owner.cpp">
      <Filter>Source Files</Filter>
    </ClCompile>
    <ClCompile Include="c_lib\entity\components\physics.cpp">
      <Filter>Source Files</Filter>
    </ClCompile>
    <ClCompile Include="c_lib\entity\components\pickup.cpp">
      <Filter>Source Files</Filter>
    </ClCompile>
    <ClCompile Include="c_lib\entity\components\rate_limit.cpp">
      <Filter>Source Files</Filter>
    </ClCompile>
    <ClCompile Include="c_lib\entity\components\spawner.cpp">
      <Filter>Source Files</Filter>
    </ClCompile>
    <ClCompile Include="c_lib\entity\components\spawn_child.cpp">
      <Filter>Source Files</Filter>
    </ClCompile>
    <ClCompile Include="c_lib\entity\components\stackable.cpp">
      <Filter>Source Files</Filter>
    </ClCompile>
    <ClCompile Include="c_lib\entity\components\targeting.cpp">
      <Filter>Source Files</Filter>
    </ClCompile>
    <ClCompile Include="c_lib\entity\components\voxel_model.cpp">
      <Filter>Source Files</Filter>
    </ClCompile>
    <ClCompile Include="c_lib\entity\components\draw\billboard_sprite.cpp">
      <Filter>Source Files</Filter>
    </ClCompile>
    <ClCompile Include="c_lib\entity\components\draw\colored_voxel.cpp">
      <Filter>Source Files</Filter>
    </ClCompile>
    <ClCompile Include="c_lib\entity\components\draw\textured_voxel.cpp">
      <Filter>Source Files</Filter>
    </ClCompile>
    <ClCompile Include="c_lib\entity\components\draw\voxel.cpp">
      <Filter>Source Files</Filter>
    </ClCompile>
    <ClCompile Include="c_lib\entity\components\health\hit_points.cpp">
      <Filter>Source Files</Filter>
    </ClCompile>
    <ClCompile Include="c_lib\entity\components\health\ttl.cpp">
      <Filter>Source Files</Filter>
    </ClCompile>
    <ClCompile Include="c_lib\entity\components\physics\position.cpp">
      <Filter>Source Files</Filter>
    </ClCompile>
    <ClCompile Include="c_lib\entity\components\physics\position_changed.cpp">
      <Filter>Source Files</Filter>
    </ClCompile>
    <ClCompile Include="c_lib\entity\components\physics\position_momentum.cpp">
      <Filter>Source Files</Filter>
    </ClCompile>
    <ClCompile Include="c_lib\entity\components\physics\position_momentum_changed.cpp">
      <Filter>Source Files</Filter>
    </ClCompile>
    <ClCompile Include="c_lib\entity\components\physics\verlet.cpp">
      <Filter>Source Files</Filter>
    </ClCompile>
    <ClCompile Include="c_lib\entity\components\spawner\agent_spawner.cpp">
      <Filter>Source Files</Filter>
    </ClCompile>
    <ClCompile Include="c_lib\entity\components\spawner\monster_spawner.cpp">
      <Filter>Source Files</Filter>
    </ClCompile>
    <ClCompile Include="c_lib\entity\components\targeting\motion_targeting.cpp">
      <Filter>Source Files</Filter>
    </ClCompile>
    <ClCompile Include="c_lib\entity\components\targeting\weapon_targeting.cpp">
      <Filter>Source Files</Filter>
    </ClCompile>
    <ClCompile Include="c_lib\entity\network\interfaces.cpp">
      <Filter>Source Files</Filter>
    </ClCompile>
    <ClCompile Include="c_lib\entity\network\main.cpp">
      <Filter>Source Files</Filter>
    </ClCompile>
    <ClCompile Include="c_lib\entity\network\packets.cpp">
      <Filter>Source Files</Filter>
    </ClCompile>
    <ClCompile Include="c_lib\entity\object\filter.cpp">
      <Filter>Source Files</Filter>
    </ClCompile>
    <ClCompile Include="c_lib\entity\object\helpers.cpp">
      <Filter>Source Files</Filter>
    </ClCompile>
    <ClCompile Include="c_lib\entity\object\main.cpp">
      <Filter>Source Files</Filter>
    </ClCompile>
    <ClCompile Include="c_lib\entity\object\object.cpp">
      <Filter>Source Files</Filter>
    </ClCompile>
    <ClCompile Include="c_lib\entity\object\object_data_list.cpp">
      <Filter>Source Files</Filter>
    </ClCompile>
    <ClCompile Include="c_lib\entity\object\object_list.cpp">
      <Filter>Source Files</Filter>
    </ClCompile>
    <ClCompile Include="c_lib\entity\objects\example.cpp">
      <Filter>Source Files</Filter>
    </ClCompile>
    <ClCompile Include="c_lib\entity\objects\include.cpp">
      <Filter>Source Files</Filter>
    </ClCompile>
    <ClCompile Include="c_lib\entity\objects\pickup_sprite.cpp">
      <Filter>Source Files</Filter>
    </ClCompile>
    <ClCompile Include="c_lib\entity\objects\fabs\base.cpp">
      <Filter>Source Files</Filter>
    </ClCompile>
    <ClCompile Include="c_lib\entity\objects\fabs\spawner.cpp">
      <Filter>Source Files</Filter>
    </ClCompile>
    <ClCompile Include="c_lib\entity\objects\fabs\turret.cpp">
      <Filter>Source Files</Filter>
    </ClCompile>
    <ClCompile Include="c_lib\entity\objects\mobs\bomb.cpp">
      <Filter>Source Files</Filter>
    </ClCompile>
    <ClCompile Include="c_lib\entity\objects\mobs\box.cpp">
      <Filter>Source Files</Filter>
    </ClCompile>
    <ClCompile Include="c_lib\entity\objects\mobs\spawner.cpp">
      <Filter>Source Files</Filter>
    </ClCompile>
    <ClCompile Include="c_lib\entity\objects\refills\grenade_refill.cpp">
      <Filter>Source Files</Filter>
    </ClCompile>
    <ClCompile Include="c_lib\entity\objects\refills\health_refill.cpp">
      <Filter>Source Files</Filter>
    </ClCompile>
    <ClCompile Include="c_lib\entity\objects\refills\laser_refill.cpp">
      <Filter>Source Files</Filter>
    </ClCompile>
    <ClCompile Include="c_lib\hud\compass.cpp">
      <Filter>Source Files</Filter>
    </ClCompile>
    <ClCompile Include="c_lib\hud\cube_selector.cpp">
      <Filter>Source Files</Filter>
    </ClCompile>
    <ClCompile Include="c_lib\hud\font.cpp">
      <Filter>Source Files</Filter>
    </ClCompile>
    <ClCompile Include="c_lib\hud\hud.cpp">
      <Filter>Source Files</Filter>
    </ClCompile>
    <ClCompile Include="c_lib\hud\map.cpp">
      <Filter>Source Files</Filter>
    </ClCompile>
    <ClCompile Include="c_lib\hud\reticle.cpp">
      <Filter>Source Files</Filter>
    </ClCompile>
    <ClCompile Include="c_lib\hud\text.cpp">
      <Filter>Source Files</Filter>
    </ClCompile>
    <ClCompile Include="c_lib\input\equipped_sprite_adjuster.cpp">
      <Filter>Source Files</Filter>
    </ClCompile>
    <ClCompile Include="c_lib\input\handlers.cpp">
      <Filter>Source Files</Filter>
    </ClCompile>
    <ClCompile Include="c_lib\input\input.cpp">
      <Filter>Source Files</Filter>
    </ClCompile>
    <ClCompile Include="c_lib\input\skeleton_editor.cpp">
      <Filter>Source Files</Filter>
    </ClCompile>
    <ClCompile Include="c_lib\item\client.cpp">
      <Filter>Source Files</Filter>
    </ClCompile>
    <ClCompile Include="c_lib\item\item.cpp">
      <Filter>Source Files</Filter>
    </ClCompile>
    <ClCompile Include="c_lib\item\properties.cpp">
      <Filter>Source Files</Filter>
    </ClCompile>
    <ClCompile Include="c_lib\item\server.cpp">
      <Filter>Source Files</Filter>
    </ClCompile>
    <ClCompile Include="c_lib\item\_interface.cpp">
      <Filter>Source Files</Filter>
    </ClCompile>
    <ClCompile Include="c_lib\item\_state.cpp">
      <Filter>Source Files</Filter>
    </ClCompile>
    <ClCompile Include="c_lib\item\container\client.cpp">
      <Filter>Source Files</Filter>
    </ClCompile>
    <ClCompile Include="c_lib\item\container\container.cpp">
      <Filter>Source Files</Filter>
    </ClCompile>
    <ClCompile Include="c_lib\item\container\container_ui.cpp">
      <Filter>Source Files</Filter>
    </ClCompile>
    <ClCompile Include="c_lib\item\container\controller.cpp">
      <Filter>Source Files</Filter>
    </ClCompile>
    <ClCompile Include="c_lib\item\container\server.cpp">
      <Filter>Source Files</Filter>
    </ClCompile>
    <ClCompile Include="c_lib\item\container\_interface.cpp">
      <Filter>Source Files</Filter>
    </ClCompile>
    <ClCompile Include="c_lib\item\container\_state.cpp">
      <Filter>Source Files</Filter>
    </ClCompile>
    <ClCompile Include="c_lib\item\container\net\CtoS.cpp">
      <Filter>Source Files</Filter>
    </ClCompile>
    <ClCompile Include="c_lib\item\container\net\StoC.cpp">
      <Filter>Source Files</Filter>
    </ClCompile>
    <ClCompile Include="c_lib\item\net\CtoS.cpp">
      <Filter>Source Files</Filter>
    </ClCompile>
    <ClCompile Include="c_lib\item\net\StoC.cpp">
      <Filter>Source Files</Filter>
    </ClCompile>
    <ClCompile Include="c_lib\item\particle\item_particle.cpp">
      <Filter>Source Files</Filter>
    </ClCompile>
    <ClCompile Include="c_lib\item\particle\_interface.cpp">
      <Filter>Source Files</Filter>
    </ClCompile>
    <ClCompile Include="c_lib\item\particle\net\CtoS.cpp">
      <Filter>Source Files</Filter>
    </ClCompile>
    <ClCompile Include="c_lib\item\particle\net\StoC.cpp">
      <Filter>Source Files</Filter>
    </ClCompile>
    <ClCompile Include="c_lib\item\toolbelt\client.cpp">
      <Filter>Source Files</Filter>
    </ClCompile>
    <ClCompile Include="c_lib\item\toolbelt\server.cpp">
      <Filter>Source Files</Filter>
    </ClCompile>
    <ClCompile Include="c_lib\item\toolbelt\_interface.cpp">
      <Filter>Source Files</Filter>
    </ClCompile>
    <ClCompile Include="c_lib\item\toolbelt\_state.cpp">
      <Filter>Source Files</Filter>
    </ClCompile>
    <ClCompile Include="c_lib\item\toolbelt\net\CtoS.cpp">
      <Filter>Source Files</Filter>
    </ClCompile>
    <ClCompile Include="c_lib\item\toolbelt\net\StoC.cpp">
      <Filter>Source Files</Filter>
    </ClCompile>
    <ClCompile Include="c_lib\map_gen\dragon.cpp">
      <Filter>Source Files</Filter>
    </ClCompile>
    <ClCompile Include="c_lib\map_gen\dungeon.cpp">
      <Filter>Source Files</Filter>
    </ClCompile>
    <ClCompile Include="c_lib\map_gen\features.cpp">
      <Filter>Source Files</Filter>
    </ClCompile>
    <ClCompile Include="c_lib\map_gen\hopcroft-karp.cpp">
      <Filter>Source Files</Filter>
    </ClCompile>
    <ClCompile Include="c_lib\map_gen\map_generator.cpp">
      <Filter>Source Files</Filter>
    </ClCompile>
    <ClCompile Include="c_lib\map_gen\mix.cpp">
      <Filter>Source Files</Filter>
    </ClCompile>
    <ClCompile Include="c_lib\map_gen\noise.cpp">
      <Filter>Source Files</Filter>
    </ClCompile>
    <ClCompile Include="c_lib\map_gen\noise_util.cpp">
      <Filter>Source Files</Filter>
    </ClCompile>
    <ClCompile Include="c_lib\map_gen\noise_viz.cpp">
      <Filter>Source Files</Filter>
    </ClCompile>
    <ClCompile Include="c_lib\map_gen\recipes.cpp">
      <Filter>Source Files</Filter>
    </ClCompile>
    <ClCompile Include="c_lib\map_gen\voronoi.cpp">
      <Filter>Source Files</Filter>
    </ClCompile>
    <ClCompile Include="c_lib\map_gen\gradient.c">
      <Filter>Source Files</Filter>
    </ClCompile>
    <ClCompile Include="c_lib\map_gen\interpolator.c">
      <Filter>Source Files</Filter>
    </ClCompile>
    <ClCompile Include="c_lib\map_gen\perlin.c">
      <Filter>Source Files</Filter>
    </ClCompile>
    <ClCompile Include="c_lib\map_gen\ridged_mf.c">
      <Filter>Source Files</Filter>
    </ClCompile>
    <ClCompile Include="c_lib\map_gen\simplex.c">
      <Filter>Source Files</Filter>
    </ClCompile>
    <ClCompile Include="c_lib\map_gen\client\dragon.cpp">
      <Filter>Source Files</Filter>
    </ClCompile>
    <ClCompile Include="c_lib\map_gen\client\hopcroft-karp.cpp">
      <Filter>Source Files</Filter>
    </ClCompile>
    <ClCompile Include="c_lib\options\client_options.cpp">
      <Filter>Source Files</Filter>
    </ClCompile>
    <ClCompile Include="c_lib\options\server_options.cpp">
      <Filter>Source Files</Filter>
    </ClCompile>
    <ClCompile Include="c_lib\particle\billboard_sprite.cpp">
      <Filter>Source Files</Filter>
    </ClCompile>
    <ClCompile Include="c_lib\particle\blood.cpp">
      <Filter>Source Files</Filter>
    </ClCompile>
    <ClCompile Include="c_lib\particle\grenade.cpp">
      <Filter>Source Files</Filter>
    </ClCompile>
    <ClCompile Include="c_lib\particle\grenade_shrapnel.cpp">
      <Filter>Source Files</Filter>
    </ClCompile>
    <ClCompile Include="c_lib\particle\minivox_colored.cpp">
      <Filter>Source Files</Filter>
    </ClCompile>
    <ClCompile Include="c_lib\particle\minivox_textured.cpp">
      <Filter>Source Files</Filter>
    </ClCompile>
    <ClCompile Include="c_lib\particle\particles.cpp">
      <Filter>Source Files</Filter>
    </ClCompile>
    <ClCompile Include="c_lib\particle\shrapnel.cpp">
      <Filter>Source Files</Filter>
    </ClCompile>
    <ClCompile Include="c_lib\particle\_interface.cpp">
      <Filter>Source Files</Filter>
    </ClCompile>
    <ClCompile Include="c_lib\particle\text\billboard_text.cpp">
      <Filter>Source Files</Filter>
    </ClCompile>
    <ClCompile Include="c_lib\particle\text\billboard_text_hud.cpp">
      <Filter>Source Files</Filter>
    </ClCompile>
    <ClCompile Include="c_lib\particle\text\text_particle.cpp">
      <Filter>Source Files</Filter>
    </ClCompile>
    <ClCompile Include="c_lib\physics\color_matrix.cpp">
      <Filter>Source Files</Filter>
    </ClCompile>
    <ClCompile Include="c_lib\physics\common.cpp">
      <Filter>Source Files</Filter>
    </ClCompile>
    <ClCompile Include="c_lib\physics\motion.cpp">
      <Filter>Source Files</Filter>
    </ClCompile>
    <ClCompile Include="c_lib\physics\quadrant.cpp">
      <Filter>Source Files</Filter>
    </ClCompile>
    <ClCompile Include="c_lib\physics\verlet.cpp">
      <Filter>Source Files</Filter>
    </ClCompile>
    <ClCompile Include="c_lib\physics\verlet_particle.cpp">
      <Filter>Source Files</Filter>
    </ClCompile>
    <ClCompile Include="c_lib\physics\ray_trace\handlers.cpp">
      <Filter>Source Files</Filter>
    </ClCompile>
    <ClCompile Include="c_lib\physics\ray_trace\hitscan.cpp">
      <Filter>Source Files</Filter>
    </ClCompile>
    <ClCompile Include="c_lib\physics\ray_trace\ray_trace.cpp">
      <Filter>Source Files</Filter>
    </ClCompile>
    <ClCompile Include="c_lib\sdl\draw_functions.cpp">
      <Filter>Source Files</Filter>
    </ClCompile>
    <ClCompile Include="c_lib\sdl\shader_loader.cpp">
      <Filter>Source Files</Filter>
    </ClCompile>
    <ClCompile Include="c_lib\sdl\texture_loader.cpp">
      <Filter>Source Files</Filter>
    </ClCompile>
    <ClCompile Include="c_lib\sdl\texture_sheet_loader.cpp">
      <Filter>Source Files</Filter>
    </ClCompile>
    <ClCompile Include="c_lib\sdl\voronoi.cpp">
      <Filter>Source Files</Filter>
    </ClCompile>
    <ClCompile Include="c_lib\sdl\particle_functions.c">
      <Filter>Source Files</Filter>
    </ClCompile>
    <ClCompile Include="c_lib\sdl\SDL_functions.c">
      <Filter>Source Files</Filter>
    </ClCompile>
    <ClCompile Include="c_lib\sdl\md5_loader\main.cpp">
      <Filter>Source Files</Filter>
    </ClCompile>
    <ClCompile Include="c_lib\sdl\md5_loader\md5_test.cpp">
      <Filter>Source Files</Filter>
    </ClCompile>
    <ClCompile Include="c_lib\sdl\md5_loader\src\Helpers.cpp">
      <Filter>Source Files</Filter>
    </ClCompile>
    <ClCompile Include="c_lib\sdl\md5_loader\src\MD5Animation.cpp">
      <Filter>Source Files</Filter>
    </ClCompile>
    <ClCompile Include="c_lib\sdl\md5_loader\src\MD5Model.cpp">
      <Filter>Source Files</Filter>
    </ClCompile>
    <ClCompile Include="c_lib\sdl\mesh_loader\obj_loader.cpp">
      <Filter>Source Files</Filter>
    </ClCompile>
    <ClCompile Include="c_lib\sdl\unused\v.cpp">
      <Filter>Source Files</Filter>
    </ClCompile>
    <ClCompile Include="c_lib\sdl\unused\IMG_savepng.c">
      <Filter>Source Files</Filter>
    </ClCompile>
    <ClCompile Include="c_lib\sdl\unused\pngfuncs.c">
      <Filter>Source Files</Filter>
    </ClCompile>
    <ClCompile Include="c_lib\sound\csv_parser.cpp">
      <Filter>Source Files</Filter>
    </ClCompile>
    <ClCompile Include="c_lib\sound\openal.cpp">
      <Filter>Source Files</Filter>
    </ClCompile>
    <ClCompile Include="c_lib\sound\sound.cpp">
      <Filter>Source Files</Filter>
    </ClCompile>
    <ClCompile Include="c_lib\sound\triggers.cpp">
      <Filter>Source Files</Filter>
    </ClCompile>
    <ClCompile Include="c_lib\sound\wav.cpp">
      <Filter>Source Files</Filter>
    </ClCompile>
    <ClCompile Include="c_lib\state\client_state.cpp">
      <Filter>Source Files</Filter>
    </ClCompile>
    <ClCompile Include="c_lib\state\packet_init.cpp">
      <Filter>Source Files</Filter>
    </ClCompile>
    <ClCompile Include="c_lib\state\server_state.cpp">
      <Filter>Source Files</Filter>
    </ClCompile>
    <ClCompile Include="c_lib\t_gen\noise_map.cpp">
      <Filter>Source Files</Filter>
    </ClCompile>
    <ClCompile Include="c_lib\t_gen\_interface.cpp">
      <Filter>Source Files</Filter>
    </ClCompile>
    <ClCompile Include="c_lib\t_gen\lib\gaussian.cpp">
      <Filter>Source Files</Filter>
    </ClCompile>
    <ClCompile Include="c_lib\t_gen\lib\voronoi.cpp">
      <Filter>Source Files</Filter>
    </ClCompile>
    <ClCompile Include="c_lib\t_gen\lib\voronoi2.cpp">
      <Filter>Source Files</Filter>
    </ClCompile>
    <ClCompile Include="c_lib\t_hud\container_hud.cpp">
      <Filter>Source Files</Filter>
    </ClCompile>
    <ClCompile Include="c_lib\t_hud\crafting_hud.cpp">
      <Filter>Source Files</Filter>
    </ClCompile>
    <ClCompile Include="c_lib\t_hud\nanite_hud.cpp">
      <Filter>Source Files</Filter>
    </ClCompile>
    <ClCompile Include="c_lib\t_hud\smelter.cpp">
      <Filter>Source Files</Filter>
    </ClCompile>
    <ClCompile Include="c_lib\t_hud\storage_block.cpp">
      <Filter>Source Files</Filter>
    </ClCompile>
    <ClCompile Include="c_lib\t_hud\texture.cpp">
      <Filter>Source Files</Filter>
    </ClCompile>
    <ClCompile Include="c_lib\t_hud\toolbelt_hud.cpp">
      <Filter>Source Files</Filter>
    </ClCompile>
    <ClCompile Include="c_lib\t_hud\ui_element.cpp">
      <Filter>Source Files</Filter>
    </ClCompile>
    <ClCompile Include="c_lib\t_hud\_interface.cpp">
      <Filter>Source Files</Filter>
    </ClCompile>
    <ClCompile Include="c_lib\t_map\chunk_special.cpp">
      <Filter>Source Files</Filter>
    </ClCompile>
    <ClCompile Include="c_lib\t_map\ortho_projection.cpp">
      <Filter>Source Files</Filter>
    </ClCompile>
    <ClCompile Include="c_lib\t_map\t_map.cpp">
      <Filter>Source Files</Filter>
    </ClCompile>
    <ClCompile Include="c_lib\t_map\t_map_class.cpp">
      <Filter>Source Files</Filter>
    </ClCompile>
    <ClCompile Include="c_lib\t_map\t_properties.cpp">
      <Filter>Source Files</Filter>
    </ClCompile>
    <ClCompile Include="c_lib\t_map\t_vbo_class.cpp">
      <Filter>Source Files</Filter>
    </ClCompile>
    <ClCompile Include="c_lib\t_map\t_vbo_draw.cpp">
      <Filter>Source Files</Filter>
    </ClCompile>
    <ClCompile Include="c_lib\t_map\t_vbo_update.cpp">
      <Filter>Source Files</Filter>
    </ClCompile>
    <ClCompile Include="c_lib\t_map\_interface.cpp">
      <Filter>Source Files</Filter>
    </ClCompile>
    <ClCompile Include="c_lib\t_map\glsl\cache.cpp">
      <Filter>Source Files</Filter>
    </ClCompile>
    <ClCompile Include="c_lib\t_map\glsl\shader.cpp">
      <Filter>Source Files</Filter>
    </ClCompile>
    <ClCompile Include="c_lib\t_map\glsl\texture.cpp">
      <Filter>Source Files</Filter>
    </ClCompile>
    <ClCompile Include="c_lib\t_map\net\t_CtoS.cpp">
      <Filter>Source Files</Filter>
    </ClCompile>
    <ClCompile Include="c_lib\t_map\net\t_StoC.cpp">
      <Filter>Source Files</Filter>
    </ClCompile>
    <ClCompile Include="c_lib\t_map\server\manager.cpp">
      <Filter>Source Files</Filter>
    </ClCompile>
    <ClCompile Include="c_lib\t_mech\draw.cpp">
      <Filter>Source Files</Filter>
    </ClCompile>
    <ClCompile Include="c_lib\t_mech\state.cpp">
      <Filter>Source Files</Filter>
    </ClCompile>
    <ClCompile Include="c_lib\t_mech\_interface.cpp">
      <Filter>Source Files</Filter>
    </ClCompile>
    <ClCompile Include="c_lib\voxel\voxel_dat.cpp">
      <Filter>Source Files</Filter>
    </ClCompile>
    <ClCompile Include="c_lib\voxel\voxel_hitscan.cpp">
      <Filter>Source Files</Filter>
    </ClCompile>
    <ClCompile Include="c_lib\voxel\voxel_loader.cpp">
      <Filter>Source Files</Filter>
    </ClCompile>
    <ClCompile Include="c_lib\voxel\voxel_model.cpp">
      <Filter>Source Files</Filter>
    </ClCompile>
    <ClCompile Include="c_lib\voxel\voxel_render.cpp">
      <Filter>Source Files</Filter>
    </ClCompile>
    <ClCompile Include="c_lib\voxel\voxel_volume.cpp">
      <Filter>Source Files</Filter>
    </ClCompile>
    <ClCompile Include="c_lib\voxel\vox_dat_init.cpp">
      <Filter>Source Files</Filter>
    </ClCompile>
    <ClCompile Include="net_lib\global.cpp">
      <Filter>Source Files</Filter>
    </ClCompile>
    <ClCompile Include="net_lib\host.cpp">
      <Filter>Source Files</Filter>
    </ClCompile>
    <ClCompile Include="net_lib\net_CtoS.cpp">
      <Filter>Source Files</Filter>
    </ClCompile>
    <ClCompile Include="net_lib\net_StoC.cpp">
      <Filter>Source Files</Filter>
    </ClCompile>
    <ClCompile Include="net_lib\benchmark\pviz.c">
      <Filter>Source Files</Filter>
    </ClCompile>
    <ClCompile Include="net_lib\common\net_peer.cpp">
      <Filter>Source Files</Filter>
    </ClCompile>
    <ClCompile Include="net_lib\common\net_peer_manager.cpp">
      <Filter>Source Files</Filter>
    </ClCompile>
    <ClCompile Include="net_lib\common\packet_buffer.cpp">
      <Filter>Source Files</Filter>
    </ClCompile>
    <ClCompile Include="net_lib\common\packet_id_counter.cpp">
      <Filter>Source Files</Filter>
    </ClCompile>
    <ClCompile Include="net_lib\common\message_handler.c">
      <Filter>Source Files</Filter>
    </ClCompile>
    <ClCompile Include="net_lib\common\net_time.c">
      <Filter>Source Files</Filter>
    </ClCompile>
    <ClCompile Include="net_lib\common\sequencer.c">
      <Filter>Source Files</Filter>
    </ClCompile>
    <ClCompile Include="net_lib\enet\callbacks.c">
      <Filter>Source Files</Filter>
    </ClCompile>
    <ClCompile Include="net_lib\enet\compress.c">
      <Filter>Source Files</Filter>
    </ClCompile>
    <ClCompile Include="net_lib\enet\host.c">
      <Filter>Source Files</Filter>
    </ClCompile>
    <ClCompile Include="net_lib\enet\list.c">
      <Filter>Source Files</Filter>
    </ClCompile>
    <ClCompile Include="net_lib\enet\packet.c">
      <Filter>Source Files</Filter>
    </ClCompile>
    <ClCompile Include="net_lib\enet\peer.c">
      <Filter>Source Files</Filter>
    </ClCompile>
    <ClCompile Include="net_lib\enet\protocol.c">
      <Filter>Source Files</Filter>
    </ClCompile>
    <ClCompile Include="net_lib\enet\unix.c">
      <Filter>Source Files</Filter>
    </ClCompile>
    <ClCompile Include="net_lib\enet\win32.c">
      <Filter>Source Files</Filter>
    </ClCompile>
  </ItemGroup>
  <ItemGroup>
    <ClInclude Include="c_lib\agent\agent_include.h">
      <Filter>Header Files</Filter>
    </ClInclude>
    <ClInclude Include="c_lib\agent\agent.hpp">
      <Filter>Header Files</Filter>
    </ClInclude>
    <ClInclude Include="c_lib\agent\agent_list.hpp">
      <Filter>Header Files</Filter>
    </ClInclude>
    <ClInclude Include="c_lib\agent\agent_physics.hpp">
      <Filter>Header Files</Filter>
    </ClInclude>
    <ClInclude Include="c_lib\agent\agent_status.hpp">
      <Filter>Header Files</Filter>
    </ClInclude>
    <ClInclude Include="c_lib\agent\constants.hpp">
      <Filter>Header Files</Filter>
    </ClInclude>
    <ClInclude Include="c_lib\agent\net_agent.hpp">
      <Filter>Header Files</Filter>
    </ClInclude>
    <ClInclude Include="c_lib\agent\client\agent_draw.hpp">
      <Filter>Header Files</Filter>
    </ClInclude>
    <ClInclude Include="c_lib\agent\client\agent_event.hpp">
      <Filter>Header Files</Filter>
    </ClInclude>
    <ClInclude Include="c_lib\agent\client\agent_sound_handler.hpp">
      <Filter>Header Files</Filter>
    </ClInclude>
    <ClInclude Include="c_lib\agent\client\player_agent.hpp">
      <Filter>Header Files</Filter>
    </ClInclude>
    <ClInclude Include="c_lib\agent\client\player_agent_action.hpp">
      <Filter>Header Files</Filter>
    </ClInclude>
    <ClInclude Include="c_lib\animations\animations.hpp">
      <Filter>Header Files</Filter>
    </ClInclude>
    <ClInclude Include="c_lib\animations\common.hpp">
      <Filter>Header Files</Filter>
    </ClInclude>
    <ClInclude Include="c_lib\animations\hitscan.hpp">
      <Filter>Header Files</Filter>
    </ClInclude>
    <ClInclude Include="c_lib\animations\hitscan_laser.hpp">
      <Filter>Header Files</Filter>
    </ClInclude>
    <ClInclude Include="c_lib\animations\insect_mob.hpp">
      <Filter>Header Files</Filter>
    </ClInclude>
    <ClInclude Include="c_lib\animations\mining_laser.hpp">
      <Filter>Header Files</Filter>
    </ClInclude>
    <ClInclude Include="c_lib\animations\weapon.hpp">
      <Filter>Header Files</Filter>
    </ClInclude>
    <ClInclude Include="c_lib\animations\_include.hpp">
      <Filter>Header Files</Filter>
    </ClInclude>
    <ClInclude Include="c_lib\animations\_interface.hpp">
      <Filter>Header Files</Filter>
    </ClInclude>
    <ClInclude Include="c_lib\camera\camera.hpp">
      <Filter>Header Files</Filter>
    </ClInclude>
    <ClInclude Include="c_lib\camera\fulstrum_test.hpp">
      <Filter>Header Files</Filter>
    </ClInclude>
    <ClInclude Include="c_lib\camera\fulstrum_test2.hpp">
      <Filter>Header Files</Filter>
    </ClInclude>
    <ClInclude Include="c_lib\camera\skybox\skybox.hpp">
      <Filter>Header Files</Filter>
    </ClInclude>
    <ClInclude Include="c_lib\chat\client.hpp">
      <Filter>Header Files</Filter>
    </ClInclude>
    <ClInclude Include="c_lib\chat\globals.hpp">
      <Filter>Header Files</Filter>
    </ClInclude>
    <ClInclude Include="c_lib\chat\interface.hpp">
      <Filter>Header Files</Filter>
    </ClInclude>
    <ClInclude Include="c_lib\chat\packets.hpp">
      <Filter>Header Files</Filter>
    </ClInclude>
    <ClInclude Include="c_lib\chat\server.hpp">
      <Filter>Header Files</Filter>
    </ClInclude>
    <ClInclude Include="c_lib\common\compat_al.h">
      <Filter>Header Files</Filter>
    </ClInclude>
    <ClInclude Include="c_lib\common\compat_gl.h">
      <Filter>Header Files</Filter>
    </ClInclude>
    <ClInclude Include="c_lib\common\defines.h">
      <Filter>Header Files</Filter>
    </ClInclude>
    <ClInclude Include="c_lib\common\qsort.h">
      <Filter>Header Files</Filter>
    </ClInclude>
    <ClInclude Include="c_lib\common\random.h">
      <Filter>Header Files</Filter>
    </ClInclude>
    <ClInclude Include="c_lib\common\version.h">
      <Filter>Header Files</Filter>
    </ClInclude>
    <ClInclude Include="c_lib\common\color.hpp">
      <Filter>Header Files</Filter>
    </ClInclude>
    <ClInclude Include="c_lib\common\common.hpp">
      <Filter>Header Files</Filter>
    </ClInclude>
    <ClInclude Include="c_lib\common\files.hpp">
      <Filter>Header Files</Filter>
    </ClInclude>
    <ClInclude Include="c_lib\common\gl_assert.hpp">
      <Filter>Header Files</Filter>
    </ClInclude>
    <ClInclude Include="c_lib\common\logger.hpp">
      <Filter>Header Files</Filter>
    </ClInclude>
    <ClInclude Include="c_lib\common\macros.hpp">
      <Filter>Header Files</Filter>
    </ClInclude>
    <ClInclude Include="c_lib\common\mallox.hpp">
      <Filter>Header Files</Filter>
    </ClInclude>
    <ClInclude Include="c_lib\common\osx.hpp">
      <Filter>Header Files</Filter>
    </ClInclude>
    <ClInclude Include="c_lib\common\subscriber_list.hpp">
      <Filter>Header Files</Filter>
    </ClInclude>
    <ClInclude Include="c_lib\common\analytics\sessions.hpp">
      <Filter>Header Files</Filter>
    </ClInclude>
    <ClInclude Include="c_lib\common\crash_report\stack_trace.hpp">
      <Filter>Header Files</Filter>
    </ClInclude>
    <ClInclude Include="c_lib\common\draw\draw.hpp">
      <Filter>Header Files</Filter>
    </ClInclude>
    <ClInclude Include="c_lib\common\lua\lua.hpp">
      <Filter>Header Files</Filter>
    </ClInclude>
    <ClInclude Include="c_lib\common\profiling\frame_graph.hpp">
      <Filter>Header Files</Filter>
    </ClInclude>
    <ClInclude Include="c_lib\common\profiling\map_vbo_graph.hpp">
      <Filter>Header Files</Filter>
    </ClInclude>
    <ClInclude Include="c_lib\common\profiling\texture_surface.hpp">
      <Filter>Header Files</Filter>
    </ClInclude>
    <ClInclude Include="c_lib\common\template\char_buffer.hpp">
      <Filter>Header Files</Filter>
    </ClInclude>
    <ClInclude Include="c_lib\common\template\dynamic_multi_object_list.hpp">
      <Filter>Header Files</Filter>
    </ClInclude>
    <ClInclude Include="c_lib\common\template\dynamic_object_list.hpp">
      <Filter>Header Files</Filter>
    </ClInclude>
    <ClInclude Include="c_lib\common\template\multi_object_list.hpp">
      <Filter>Header Files</Filter>
    </ClInclude>
    <ClInclude Include="c_lib\common\template\object_list.hpp">
      <Filter>Header Files</Filter>
    </ClInclude>
    <ClInclude Include="c_lib\common\template\object_pool.hpp">
      <Filter>Header Files</Filter>
    </ClInclude>
    <ClInclude Include="c_lib\common\template\simple_object_list.hpp">
      <Filter>Header Files</Filter>
    </ClInclude>
    <ClInclude Include="c_lib\common\time\physics_timer.hpp">
      <Filter>Header Files</Filter>
    </ClInclude>
    <ClInclude Include="c_lib\entity\components.hpp">
      <Filter>Header Files</Filter>
    </ClInclude>
    <ClInclude Include="c_lib\entity\constants.hpp">
      <Filter>Header Files</Filter>
    </ClInclude>
    <ClInclude Include="c_lib\entity\include.hpp">
      <Filter>Header Files</Filter>
    </ClInclude>
    <ClInclude Include="c_lib\entity\objects.hpp">
      <Filter>Header Files</Filter>
    </ClInclude>
    <ClInclude Include="c_lib\entity\component\component.hpp">
      <Filter>Header Files</Filter>
    </ClInclude>
    <ClInclude Include="c_lib\entity\component\component_list.hpp">
      <Filter>Header Files</Filter>
    </ClInclude>
    <ClInclude Include="c_lib\entity\component\lists.hpp">
      <Filter>Header Files</Filter>
    </ClInclude>
    <ClInclude Include="c_lib\entity\component\main.hpp">
      <Filter>Header Files</Filter>
    </ClInclude>
    <ClInclude Include="c_lib\entity\component\lists\agent_spawner_list.hpp">
      <Filter>Header Files</Filter>
    </ClInclude>
    <ClInclude Include="c_lib\entity\component\lists\owner_list.hpp">
      <Filter>Header Files</Filter>
    </ClInclude>
    <ClInclude Include="c_lib\entity\components\animation.hpp">
      <Filter>Header Files</Filter>
    </ClInclude>
    <ClInclude Include="c_lib\entity\components\dimension.hpp">
      <Filter>Header Files</Filter>
    </ClInclude>
    <ClInclude Include="c_lib\entity\components\draw.hpp">
      <Filter>Header Files</Filter>
    </ClInclude>
    <ClInclude Include="c_lib\entity\components\explosion.hpp">
      <Filter>Header Files</Filter>
    </ClInclude>
    <ClInclude Include="c_lib\entity\components\health.hpp">
      <Filter>Header Files</Filter>
    </ClInclude>
    <ClInclude Include="c_lib\entity\components\include.hpp">
      <Filter>Header Files</Filter>
    </ClInclude>
    <ClInclude Include="c_lib\entity\components\item_drop.hpp">
      <Filter>Header Files</Filter>
    </ClInclude>
    <ClInclude Include="c_lib\entity\components\owner.hpp">
      <Filter>Header Files</Filter>
    </ClInclude>
    <ClInclude Include="c_lib\entity\components\physics.hpp">
      <Filter>Header Files</Filter>
    </ClInclude>
    <ClInclude Include="c_lib\entity\components\pickup.hpp">
      <Filter>Header Files</Filter>
    </ClInclude>
    <ClInclude Include="c_lib\entity\components\rate_limit.hpp">
      <Filter>Header Files</Filter>
    </ClInclude>
    <ClInclude Include="c_lib\entity\components\spawner.hpp">
      <Filter>Header Files</Filter>
    </ClInclude>
    <ClInclude Include="c_lib\entity\components\spawn_child.hpp">
      <Filter>Header Files</Filter>
    </ClInclude>
    <ClInclude Include="c_lib\entity\components\stackable.hpp">
      <Filter>Header Files</Filter>
    </ClInclude>
    <ClInclude Include="c_lib\entity\components\targeting.hpp">
      <Filter>Header Files</Filter>
    </ClInclude>
    <ClInclude Include="c_lib\entity\components\voxel_model.hpp">
      <Filter>Header Files</Filter>
    </ClInclude>
    <ClInclude Include="c_lib\entity\components\draw\billboard_sprite.hpp">
      <Filter>Header Files</Filter>
    </ClInclude>
    <ClInclude Include="c_lib\entity\components\draw\colored_voxel.hpp">
      <Filter>Header Files</Filter>
    </ClInclude>
    <ClInclude Include="c_lib\entity\components\draw\textured_voxel.hpp">
      <Filter>Header Files</Filter>
    </ClInclude>
    <ClInclude Include="c_lib\entity\components\draw\voxel.hpp">
      <Filter>Header Files</Filter>
    </ClInclude>
    <ClInclude Include="c_lib\entity\components\health\hit_points.hpp">
      <Filter>Header Files</Filter>
    </ClInclude>
    <ClInclude Include="c_lib\entity\components\health\ttl.hpp">
      <Filter>Header Files</Filter>
    </ClInclude>
    <ClInclude Include="c_lib\entity\components\physics\position.hpp">
      <Filter>Header Files</Filter>
    </ClInclude>
    <ClInclude Include="c_lib\entity\components\physics\position_changed.hpp">
      <Filter>Header Files</Filter>
    </ClInclude>
    <ClInclude Include="c_lib\entity\components\physics\position_momentum.hpp">
      <Filter>Header Files</Filter>
    </ClInclude>
    <ClInclude Include="c_lib\entity\components\physics\position_momentum_changed.hpp">
      <Filter>Header Files</Filter>
    </ClInclude>
    <ClInclude Include="c_lib\entity\components\physics\verlet.hpp">
      <Filter>Header Files</Filter>
    </ClInclude>
    <ClInclude Include="c_lib\entity\components\spawner\agent_spawner.hpp">
      <Filter>Header Files</Filter>
    </ClInclude>
    <ClInclude Include="c_lib\entity\components\spawner\monster_spawner.hpp">
      <Filter>Header Files</Filter>
    </ClInclude>
    <ClInclude Include="c_lib\entity\components\targeting\motion_targeting.hpp">
      <Filter>Header Files</Filter>
    </ClInclude>
    <ClInclude Include="c_lib\entity\components\targeting\weapon_targeting.hpp">
      <Filter>Header Files</Filter>
    </ClInclude>
    <ClInclude Include="c_lib\entity\network\interfaces.hpp">
      <Filter>Header Files</Filter>
    </ClInclude>
    <ClInclude Include="c_lib\entity\network\main.hpp">
      <Filter>Header Files</Filter>
    </ClInclude>
    <ClInclude Include="c_lib\entity\network\packets.hpp">
      <Filter>Header Files</Filter>
    </ClInclude>
    <ClInclude Include="c_lib\entity\object\filter.hpp">
      <Filter>Header Files</Filter>
    </ClInclude>
    <ClInclude Include="c_lib\entity\object\helpers.hpp">
      <Filter>Header Files</Filter>
    </ClInclude>
    <ClInclude Include="c_lib\entity\object\main.hpp">
      <Filter>Header Files</Filter>
    </ClInclude>
    <ClInclude Include="c_lib\entity\object\object.hpp">
      <Filter>Header Files</Filter>
    </ClInclude>
    <ClInclude Include="c_lib\entity\object\object_data_list.hpp">
      <Filter>Header Files</Filter>
    </ClInclude>
    <ClInclude Include="c_lib\entity\object\object_list.hpp">
      <Filter>Header Files</Filter>
    </ClInclude>
    <ClInclude Include="c_lib\entity\objects\example.hpp">
      <Filter>Header Files</Filter>
    </ClInclude>
    <ClInclude Include="c_lib\entity\objects\include.hpp">
      <Filter>Header Files</Filter>
    </ClInclude>
    <ClInclude Include="c_lib\entity\objects\pickup_sprite.hpp">
      <Filter>Header Files</Filter>
    </ClInclude>
    <ClInclude Include="c_lib\entity\objects\fabs\base.hpp">
      <Filter>Header Files</Filter>
    </ClInclude>
    <ClInclude Include="c_lib\entity\objects\fabs\constants.hpp">
      <Filter>Header Files</Filter>
    </ClInclude>
    <ClInclude Include="c_lib\entity\objects\fabs\spawner.hpp">
      <Filter>Header Files</Filter>
    </ClInclude>
    <ClInclude Include="c_lib\entity\objects\fabs\turret.hpp">
      <Filter>Header Files</Filter>
    </ClInclude>
    <ClInclude Include="c_lib\entity\objects\mobs\bomb.hpp">
      <Filter>Header Files</Filter>
    </ClInclude>
    <ClInclude Include="c_lib\entity\objects\mobs\box.hpp">
      <Filter>Header Files</Filter>
    </ClInclude>
    <ClInclude Include="c_lib\entity\objects\mobs\constants.hpp">
      <Filter>Header Files</Filter>
    </ClInclude>
    <ClInclude Include="c_lib\entity\objects\mobs\spawner.hpp">
      <Filter>Header Files</Filter>
    </ClInclude>
    <ClInclude Include="c_lib\entity\objects\refills\constants.hpp">
      <Filter>Header Files</Filter>
    </ClInclude>
    <ClInclude Include="c_lib\entity\objects\refills\grenade_refill.hpp">
      <Filter>Header Files</Filter>
    </ClInclude>
    <ClInclude Include="c_lib\entity\objects\refills\health_refill.hpp">
      <Filter>Header Files</Filter>
    </ClInclude>
    <ClInclude Include="c_lib\entity\objects\refills\laser_refill.hpp">
      <Filter>Header Files</Filter>
    </ClInclude>
    <ClInclude Include="c_lib\hud\compass.hpp">
      <Filter>Header Files</Filter>
    </ClInclude>
    <ClInclude Include="c_lib\hud\cube_selector.hpp">
      <Filter>Header Files</Filter>
    </ClInclude>
    <ClInclude Include="c_lib\hud\font.hpp">
      <Filter>Header Files</Filter>
    </ClInclude>
    <ClInclude Include="c_lib\hud\hud.hpp">
      <Filter>Header Files</Filter>
    </ClInclude>
    <ClInclude Include="c_lib\hud\map.hpp">
      <Filter>Header Files</Filter>
    </ClInclude>
    <ClInclude Include="c_lib\hud\reticle.hpp">
      <Filter>Header Files</Filter>
    </ClInclude>
    <ClInclude Include="c_lib\hud\text.hpp">
      <Filter>Header Files</Filter>
    </ClInclude>
    <ClInclude Include="c_lib\input\equipped_sprite_adjuster.hpp">
      <Filter>Header Files</Filter>
    </ClInclude>
    <ClInclude Include="c_lib\input\handlers.hpp">
      <Filter>Header Files</Filter>
    </ClInclude>
    <ClInclude Include="c_lib\input\input.hpp">
      <Filter>Header Files</Filter>
    </ClInclude>
    <ClInclude Include="c_lib\input\skeleton_editor.hpp">
      <Filter>Header Files</Filter>
    </ClInclude>
    <ClInclude Include="c_lib\item\client.hpp">
      <Filter>Header Files</Filter>
    </ClInclude>
    <ClInclude Include="c_lib\item\item.hpp">
      <Filter>Header Files</Filter>
    </ClInclude>
    <ClInclude Include="c_lib\item\properties.hpp">
      <Filter>Header Files</Filter>
    </ClInclude>
    <ClInclude Include="c_lib\item\server.hpp">
      <Filter>Header Files</Filter>
    </ClInclude>
    <ClInclude Include="c_lib\item\_include.hpp">
      <Filter>Header Files</Filter>
    </ClInclude>
    <ClInclude Include="c_lib\item\_interface.hpp">
      <Filter>Header Files</Filter>
    </ClInclude>
    <ClInclude Include="c_lib\item\_state.hpp">
      <Filter>Header Files</Filter>
    </ClInclude>
    <ClInclude Include="c_lib\item\common\constant.hpp">
      <Filter>Header Files</Filter>
    </ClInclude>
    <ClInclude Include="c_lib\item\common\enum.hpp">
      <Filter>Header Files</Filter>
    </ClInclude>
    <ClInclude Include="c_lib\item\common\struct.hpp">
      <Filter>Header Files</Filter>
    </ClInclude>
    <ClInclude Include="c_lib\item\config\crafting_dat.hpp">
      <Filter>Header Files</Filter>
    </ClInclude>
    <ClInclude Include="c_lib\item\config\item_attribute.hpp">
      <Filter>Header Files</Filter>
    </ClInclude>
    <ClInclude Include="c_lib\item\config\item_dat.hpp">
      <Filter>Header Files</Filter>
    </ClInclude>
    <ClInclude Include="c_lib\item\config\nanite_store_dat.hpp">
      <Filter>Header Files</Filter>
    </ClInclude>
    <ClInclude Include="c_lib\item\config\smelting_dat.hpp">
      <Filter>Header Files</Filter>
    </ClInclude>
    <ClInclude Include="c_lib\item\config\_interface.hpp">
      <Filter>Header Files</Filter>
    </ClInclude>
    <ClInclude Include="c_lib\item\container\client.hpp">
      <Filter>Header Files</Filter>
    </ClInclude>
    <ClInclude Include="c_lib\item\container\container.hpp">
      <Filter>Header Files</Filter>
    </ClInclude>
    <ClInclude Include="c_lib\item\container\container_ui.hpp">
      <Filter>Header Files</Filter>
    </ClInclude>
    <ClInclude Include="c_lib\item\container\controller.hpp">
      <Filter>Header Files</Filter>
    </ClInclude>
    <ClInclude Include="c_lib\item\container\server.hpp">
      <Filter>Header Files</Filter>
    </ClInclude>
    <ClInclude Include="c_lib\item\container\_include.hpp">
      <Filter>Header Files</Filter>
    </ClInclude>
    <ClInclude Include="c_lib\item\container\_interface.hpp">
      <Filter>Header Files</Filter>
    </ClInclude>
    <ClInclude Include="c_lib\item\container\_state.hpp">
      <Filter>Header Files</Filter>
    </ClInclude>
    <ClInclude Include="c_lib\item\container\net\CtoS.hpp">
      <Filter>Header Files</Filter>
    </ClInclude>
    <ClInclude Include="c_lib\item\container\net\StoC.hpp">
      <Filter>Header Files</Filter>
    </ClInclude>
    <ClInclude Include="c_lib\item\net\CtoS.hpp">
      <Filter>Header Files</Filter>
    </ClInclude>
    <ClInclude Include="c_lib\item\net\StoC.hpp">
      <Filter>Header Files</Filter>
    </ClInclude>
    <ClInclude Include="c_lib\item\particle\item_particle.hpp">
      <Filter>Header Files</Filter>
    </ClInclude>
    <ClInclude Include="c_lib\item\particle\_include.hpp">
      <Filter>Header Files</Filter>
    </ClInclude>
    <ClInclude Include="c_lib\item\particle\_interface.hpp">
      <Filter>Header Files</Filter>
    </ClInclude>
    <ClInclude Include="c_lib\item\particle\net\CtoS.hpp">
      <Filter>Header Files</Filter>
    </ClInclude>
    <ClInclude Include="c_lib\item\particle\net\StoC.hpp">
      <Filter>Header Files</Filter>
    </ClInclude>
    <ClInclude Include="c_lib\item\toolbelt\client.hpp">
      <Filter>Header Files</Filter>
    </ClInclude>
    <ClInclude Include="c_lib\item\toolbelt\server.hpp">
      <Filter>Header Files</Filter>
    </ClInclude>
    <ClInclude Include="c_lib\item\toolbelt\_include.hpp">
      <Filter>Header Files</Filter>
    </ClInclude>
    <ClInclude Include="c_lib\item\toolbelt\_interface.hpp">
      <Filter>Header Files</Filter>
    </ClInclude>
    <ClInclude Include="c_lib\item\toolbelt\_state.hpp">
      <Filter>Header Files</Filter>
    </ClInclude>
    <ClInclude Include="c_lib\item\toolbelt\common\constant.hpp">
      <Filter>Header Files</Filter>
    </ClInclude>
    <ClInclude Include="c_lib\item\toolbelt\common\enum.hpp">
      <Filter>Header Files</Filter>
    </ClInclude>
    <ClInclude Include="c_lib\item\toolbelt\common\struct.hpp">
      <Filter>Header Files</Filter>
    </ClInclude>
    <ClInclude Include="c_lib\item\toolbelt\net\CtoS.hpp">
      <Filter>Header Files</Filter>
    </ClInclude>
    <ClInclude Include="c_lib\item\toolbelt\net\StoC.hpp">
      <Filter>Header Files</Filter>
    </ClInclude>
    <ClInclude Include="c_lib\map_gen\gradient.h">
      <Filter>Header Files</Filter>
    </ClInclude>
    <ClInclude Include="c_lib\map_gen\interpolator.h">
      <Filter>Header Files</Filter>
    </ClInclude>
    <ClInclude Include="c_lib\map_gen\perlin.h">
      <Filter>Header Files</Filter>
    </ClInclude>
    <ClInclude Include="c_lib\map_gen\ridged_mf.h">
      <Filter>Header Files</Filter>
    </ClInclude>
    <ClInclude Include="c_lib\map_gen\simplex.h">
      <Filter>Header Files</Filter>
    </ClInclude>
    <ClInclude Include="c_lib\map_gen\dragon.hpp">
      <Filter>Header Files</Filter>
    </ClInclude>
    <ClInclude Include="c_lib\map_gen\dungeon.hpp">
      <Filter>Header Files</Filter>
    </ClInclude>
    <ClInclude Include="c_lib\map_gen\features.hpp">
      <Filter>Header Files</Filter>
    </ClInclude>
    <ClInclude Include="c_lib\map_gen\map_generator.hpp">
      <Filter>Header Files</Filter>
    </ClInclude>
    <ClInclude Include="c_lib\map_gen\mix.hpp">
      <Filter>Header Files</Filter>
    </ClInclude>
    <ClInclude Include="c_lib\map_gen\noise.hpp">
      <Filter>Header Files</Filter>
    </ClInclude>
    <ClInclude Include="c_lib\map_gen\noise_util.hpp">
      <Filter>Header Files</Filter>
    </ClInclude>
    <ClInclude Include="c_lib\map_gen\recipes.hpp">
      <Filter>Header Files</Filter>
    </ClInclude>
    <ClInclude Include="c_lib\map_gen\voronoi.hpp">
      <Filter>Header Files</Filter>
    </ClInclude>
    <ClInclude Include="c_lib\map_gen\client\dragon.hpp">
      <Filter>Header Files</Filter>
    </ClInclude>
    <ClInclude Include="c_lib\options\client_options.hpp">
      <Filter>Header Files</Filter>
    </ClInclude>
    <ClInclude Include="c_lib\options\options.hpp">
      <Filter>Header Files</Filter>
    </ClInclude>
    <ClInclude Include="c_lib\options\option_macros.hpp">
      <Filter>Header Files</Filter>
    </ClInclude>
    <ClInclude Include="c_lib\options\server_options.hpp">
      <Filter>Header Files</Filter>
    </ClInclude>
    <ClInclude Include="c_lib\particle\billboard_sprite.hpp">
      <Filter>Header Files</Filter>
    </ClInclude>
    <ClInclude Include="c_lib\particle\blood.hpp">
      <Filter>Header Files</Filter>
    </ClInclude>
    <ClInclude Include="c_lib\particle\constants.hpp">
      <Filter>Header Files</Filter>
    </ClInclude>
    <ClInclude Include="c_lib\particle\grenade.hpp">
      <Filter>Header Files</Filter>
    </ClInclude>
    <ClInclude Include="c_lib\particle\grenade_shrapnel.hpp">
      <Filter>Header Files</Filter>
    </ClInclude>
    <ClInclude Include="c_lib\particle\minivox_colored.hpp">
      <Filter>Header Files</Filter>
    </ClInclude>
    <ClInclude Include="c_lib\particle\minivox_textured.hpp">
      <Filter>Header Files</Filter>
    </ClInclude>
    <ClInclude Include="c_lib\particle\particles.hpp">
      <Filter>Header Files</Filter>
    </ClInclude>
    <ClInclude Include="c_lib\particle\shrapnel.hpp">
      <Filter>Header Files</Filter>
    </ClInclude>
    <ClInclude Include="c_lib\particle\_include.hpp">
      <Filter>Header Files</Filter>
    </ClInclude>
    <ClInclude Include="c_lib\particle\_interface.hpp">
      <Filter>Header Files</Filter>
    </ClInclude>
    <ClInclude Include="c_lib\particle\text\billboard_text.hpp">
      <Filter>Header Files</Filter>
    </ClInclude>
    <ClInclude Include="c_lib\particle\text\billboard_text_hud.hpp">
      <Filter>Header Files</Filter>
    </ClInclude>
    <ClInclude Include="c_lib\particle\text\text_particle.hpp">
      <Filter>Header Files</Filter>
    </ClInclude>
    <ClInclude Include="c_lib\physics\affine.hpp">
      <Filter>Header Files</Filter>
    </ClInclude>
    <ClInclude Include="c_lib\physics\color_matrix.hpp">
      <Filter>Header Files</Filter>
    </ClInclude>
    <ClInclude Include="c_lib\physics\common.hpp">
      <Filter>Header Files</Filter>
    </ClInclude>
    <ClInclude Include="c_lib\physics\constants.hpp">
      <Filter>Header Files</Filter>
    </ClInclude>
    <ClInclude Include="c_lib\physics\mat3.hpp">
      <Filter>Header Files</Filter>
    </ClInclude>
    <ClInclude Include="c_lib\physics\mat4.hpp">
      <Filter>Header Files</Filter>
    </ClInclude>
    <ClInclude Include="c_lib\physics\matrix.hpp">
      <Filter>Header Files</Filter>
    </ClInclude>
    <ClInclude Include="c_lib\physics\motion.hpp">
      <Filter>Header Files</Filter>
    </ClInclude>
    <ClInclude Include="c_lib\physics\quadrant.hpp">
      <Filter>Header Files</Filter>
    </ClInclude>
    <ClInclude Include="c_lib\physics\vec3.hpp">
      <Filter>Header Files</Filter>
    </ClInclude>
    <ClInclude Include="c_lib\physics\vec4.hpp">
      <Filter>Header Files</Filter>
    </ClInclude>
    <ClInclude Include="c_lib\physics\verlet.hpp">
      <Filter>Header Files</Filter>
    </ClInclude>
    <ClInclude Include="c_lib\physics\verlet_particle.hpp">
      <Filter>Header Files</Filter>
    </ClInclude>
    <ClInclude Include="c_lib\physics\ray_trace\handlers.hpp">
      <Filter>Header Files</Filter>
    </ClInclude>
    <ClInclude Include="c_lib\physics\ray_trace\hitscan.hpp">
      <Filter>Header Files</Filter>
    </ClInclude>
    <ClInclude Include="c_lib\physics\ray_trace\ray_trace.hpp">
      <Filter>Header Files</Filter>
    </ClInclude>
    <ClInclude Include="c_lib\sdl\particle_functions.h">
      <Filter>Header Files</Filter>
    </ClInclude>
    <ClInclude Include="c_lib\sdl\SDL_functions.h">
      <Filter>Header Files</Filter>
    </ClInclude>
    <ClInclude Include="c_lib\sdl\voronoi.h">
      <Filter>Header Files</Filter>
    </ClInclude>
    <ClInclude Include="c_lib\sdl\draw_functions.hpp">
      <Filter>Header Files</Filter>
    </ClInclude>
    <ClInclude Include="c_lib\sdl\shader_loader.hpp">
      <Filter>Header Files</Filter>
    </ClInclude>
    <ClInclude Include="c_lib\sdl\texture_loader.hpp">
      <Filter>Header Files</Filter>
    </ClInclude>
    <ClInclude Include="c_lib\sdl\texture_sheet_loader.hpp">
      <Filter>Header Files</Filter>
    </ClInclude>
    <ClInclude Include="c_lib\sdl\md5_loader\md5_test.hpp">
      <Filter>Header Files</Filter>
    </ClInclude>
    <ClInclude Include="c_lib\sdl\md5_loader\_include.hpp">
      <Filter>Header Files</Filter>
    </ClInclude>
    <ClInclude Include="c_lib\sdl\md5_loader\glm\ext.hpp">
      <Filter>Header Files</Filter>
    </ClInclude>
    <ClInclude Include="c_lib\sdl\md5_loader\glm\glm.hpp">
      <Filter>Header Files</Filter>
    </ClInclude>
    <ClInclude Include="c_lib\sdl\md5_loader\glm\setup.hpp">
      <Filter>Header Files</Filter>
    </ClInclude>
    <ClInclude Include="c_lib\sdl\md5_loader\glm\gtc\half_float.hpp">
      <Filter>Header Files</Filter>
    </ClInclude>
    <ClInclude Include="c_lib\sdl\md5_loader\glm\gtc\matrix_access.hpp">
      <Filter>Header Files</Filter>
    </ClInclude>
    <ClInclude Include="c_lib\sdl\md5_loader\glm\gtc\matrix_integer.hpp">
      <Filter>Header Files</Filter>
    </ClInclude>
    <ClInclude Include="c_lib\sdl\md5_loader\glm\gtc\matrix_inverse.hpp">
      <Filter>Header Files</Filter>
    </ClInclude>
    <ClInclude Include="c_lib\sdl\md5_loader\glm\gtc\matrix_transform.hpp">
      <Filter>Header Files</Filter>
    </ClInclude>
    <ClInclude Include="c_lib\sdl\md5_loader\glm\gtc\quaternion.hpp">
      <Filter>Header Files</Filter>
    </ClInclude>
    <ClInclude Include="c_lib\sdl\md5_loader\glm\gtc\swizzle.hpp">
      <Filter>Header Files</Filter>
    </ClInclude>
    <ClInclude Include="c_lib\sdl\md5_loader\glm\gtc\type_precision.hpp">
      <Filter>Header Files</Filter>
    </ClInclude>
    <ClInclude Include="c_lib\sdl\md5_loader\glm\gtc\type_ptr.hpp">
      <Filter>Header Files</Filter>
    </ClInclude>
    <ClInclude Include="c_lib\sdl\md5_loader\glm\gtx\associated_min_max.hpp">
      <Filter>Header Files</Filter>
    </ClInclude>
    <ClInclude Include="c_lib\sdl\md5_loader\glm\gtx\bit.hpp">
      <Filter>Header Files</Filter>
    </ClInclude>
    <ClInclude Include="c_lib\sdl\md5_loader\glm\gtx\closest_point.hpp">
      <Filter>Header Files</Filter>
    </ClInclude>
    <ClInclude Include="c_lib\sdl\md5_loader\glm\gtx\color_cast.hpp">
      <Filter>Header Files</Filter>
    </ClInclude>
    <ClInclude Include="c_lib\sdl\md5_loader\glm\gtx\color_space.hpp">
      <Filter>Header Files</Filter>
    </ClInclude>
    <ClInclude Include="c_lib\sdl\md5_loader\glm\gtx\color_space_YCoCg.hpp">
      <Filter>Header Files</Filter>
    </ClInclude>
    <ClInclude Include="c_lib\sdl\md5_loader\glm\gtx\compatibility.hpp">
      <Filter>Header Files</Filter>
    </ClInclude>
    <ClInclude Include="c_lib\sdl\md5_loader\glm\gtx\component_wise.hpp">
      <Filter>Header Files</Filter>
    </ClInclude>
    <ClInclude Include="c_lib\sdl\md5_loader\glm\gtx\epsilon.hpp">
      <Filter>Header Files</Filter>
    </ClInclude>
    <ClInclude Include="c_lib\sdl\md5_loader\glm\gtx\euler_angles.hpp">
      <Filter>Header Files</Filter>
    </ClInclude>
    <ClInclude Include="c_lib\sdl\md5_loader\glm\gtx\extend.hpp">
      <Filter>Header Files</Filter>
    </ClInclude>
    <ClInclude Include="c_lib\sdl\md5_loader\glm\gtx\extented_min_max.hpp">
      <Filter>Header Files</Filter>
    </ClInclude>
    <ClInclude Include="c_lib\sdl\md5_loader\glm\gtx\fast_exponential.hpp">
      <Filter>Header Files</Filter>
    </ClInclude>
    <ClInclude Include="c_lib\sdl\md5_loader\glm\gtx\fast_square_root.hpp">
      <Filter>Header Files</Filter>
    </ClInclude>
    <ClInclude Include="c_lib\sdl\md5_loader\glm\gtx\fast_trigonometry.hpp">
      <Filter>Header Files</Filter>
    </ClInclude>
    <ClInclude Include="c_lib\sdl\md5_loader\glm\gtx\gradient_paint.hpp">
      <Filter>Header Files</Filter>
    </ClInclude>
    <ClInclude Include="c_lib\sdl\md5_loader\glm\gtx\handed_coordinate_space.hpp">
      <Filter>Header Files</Filter>
    </ClInclude>
    <ClInclude Include="c_lib\sdl\md5_loader\glm\gtx\inertia.hpp">
      <Filter>Header Files</Filter>
    </ClInclude>
    <ClInclude Include="c_lib\sdl\md5_loader\glm\gtx\integer.hpp">
      <Filter>Header Files</Filter>
    </ClInclude>
    <ClInclude Include="c_lib\sdl\md5_loader\glm\gtx\intersect.hpp">
      <Filter>Header Files</Filter>
    </ClInclude>
    <ClInclude Include="c_lib\sdl\md5_loader\glm\gtx\int_10_10_10_2.hpp">
      <Filter>Header Files</Filter>
    </ClInclude>
    <ClInclude Include="c_lib\sdl\md5_loader\glm\gtx\log_base.hpp">
      <Filter>Header Files</Filter>
    </ClInclude>
    <ClInclude Include="c_lib\sdl\md5_loader\glm\gtx\matrix_cross_product.hpp">
      <Filter>Header Files</Filter>
    </ClInclude>
    <ClInclude Include="c_lib\sdl\md5_loader\glm\gtx\matrix_major_storage.hpp">
      <Filter>Header Files</Filter>
    </ClInclude>
    <ClInclude Include="c_lib\sdl\md5_loader\glm\gtx\matrix_operation.hpp">
      <Filter>Header Files</Filter>
    </ClInclude>
    <ClInclude Include="c_lib\sdl\md5_loader\glm\gtx\matrix_query.hpp">
      <Filter>Header Files</Filter>
    </ClInclude>
    <ClInclude Include="c_lib\sdl\md5_loader\glm\gtx\mixed_product.hpp">
      <Filter>Header Files</Filter>
    </ClInclude>
    <ClInclude Include="c_lib\sdl\md5_loader\glm\gtx\multiple.hpp">
      <Filter>Header Files</Filter>
    </ClInclude>
    <ClInclude Include="c_lib\sdl\md5_loader\glm\gtx\norm.hpp">
      <Filter>Header Files</Filter>
    </ClInclude>
    <ClInclude Include="c_lib\sdl\md5_loader\glm\gtx\normal.hpp">
      <Filter>Header Files</Filter>
    </ClInclude>
    <ClInclude Include="c_lib\sdl\md5_loader\glm\gtx\normalize_dot.hpp">
      <Filter>Header Files</Filter>
    </ClInclude>
    <ClInclude Include="c_lib\sdl\md5_loader\glm\gtx\number_precision.hpp">
      <Filter>Header Files</Filter>
    </ClInclude>
    <ClInclude Include="c_lib\sdl\md5_loader\glm\gtx\ocl_type.hpp">
      <Filter>Header Files</Filter>
    </ClInclude>
    <ClInclude Include="c_lib\sdl\md5_loader\glm\gtx\optimum_pow.hpp">
      <Filter>Header Files</Filter>
    </ClInclude>
    <ClInclude Include="c_lib\sdl\md5_loader\glm\gtx\orthonormalize.hpp">
      <Filter>Header Files</Filter>
    </ClInclude>
    <ClInclude Include="c_lib\sdl\md5_loader\glm\gtx\perpendicular.hpp">
      <Filter>Header Files</Filter>
    </ClInclude>
    <ClInclude Include="c_lib\sdl\md5_loader\glm\gtx\polar_coordinates.hpp">
      <Filter>Header Files</Filter>
    </ClInclude>
    <ClInclude Include="c_lib\sdl\md5_loader\glm\gtx\projection.hpp">
      <Filter>Header Files</Filter>
    </ClInclude>
    <ClInclude Include="c_lib\sdl\md5_loader\glm\gtx\quaternion.hpp">
      <Filter>Header Files</Filter>
    </ClInclude>
    <ClInclude Include="c_lib\sdl\md5_loader\glm\gtx\random.hpp">
      <Filter>Header Files</Filter>
    </ClInclude>
    <ClInclude Include="c_lib\sdl\md5_loader\glm\gtx\raw_data.hpp">
      <Filter>Header Files</Filter>
    </ClInclude>
    <ClInclude Include="c_lib\sdl\md5_loader\glm\gtx\reciprocal.hpp">
      <Filter>Header Files</Filter>
    </ClInclude>
    <ClInclude Include="c_lib\sdl\md5_loader\glm\gtx\rotate_vector.hpp">
      <Filter>Header Files</Filter>
    </ClInclude>
    <ClInclude Include="c_lib\sdl\md5_loader\glm\gtx\simd_mat4.hpp">
      <Filter>Header Files</Filter>
    </ClInclude>
    <ClInclude Include="c_lib\sdl\md5_loader\glm\gtx\simd_vec4.hpp">
      <Filter>Header Files</Filter>
    </ClInclude>
    <ClInclude Include="c_lib\sdl\md5_loader\glm\gtx\spline.hpp">
      <Filter>Header Files</Filter>
    </ClInclude>
    <ClInclude Include="c_lib\sdl\md5_loader\glm\gtx\std_based_type.hpp">
      <Filter>Header Files</Filter>
    </ClInclude>
    <ClInclude Include="c_lib\sdl\md5_loader\glm\gtx\string_cast.hpp">
      <Filter>Header Files</Filter>
    </ClInclude>
    <ClInclude Include="c_lib\sdl\md5_loader\glm\gtx\transform.hpp">
      <Filter>Header Files</Filter>
    </ClInclude>
    <ClInclude Include="c_lib\sdl\md5_loader\glm\gtx\transform2.hpp">
      <Filter>Header Files</Filter>
    </ClInclude>
    <ClInclude Include="c_lib\sdl\md5_loader\glm\gtx\unsigned_int.hpp">
      <Filter>Header Files</Filter>
    </ClInclude>
    <ClInclude Include="c_lib\sdl\md5_loader\glm\gtx\vec1.hpp">
      <Filter>Header Files</Filter>
    </ClInclude>
    <ClInclude Include="c_lib\sdl\md5_loader\glm\gtx\vector_access.hpp">
      <Filter>Header Files</Filter>
    </ClInclude>
    <ClInclude Include="c_lib\sdl\md5_loader\glm\gtx\vector_angle.hpp">
      <Filter>Header Files</Filter>
    </ClInclude>
    <ClInclude Include="c_lib\sdl\md5_loader\glm\gtx\vector_query.hpp">
      <Filter>Header Files</Filter>
    </ClInclude>
    <ClInclude Include="c_lib\sdl\md5_loader\glm\gtx\verbose_operator.hpp">
      <Filter>Header Files</Filter>
    </ClInclude>
    <ClInclude Include="c_lib\sdl\md5_loader\glm\gtx\wrap.hpp">
      <Filter>Header Files</Filter>
    </ClInclude>
    <ClInclude Include="c_lib\sdl\md5_loader\glm\virtrev\xstream.hpp">
      <Filter>Header Files</Filter>
    </ClInclude>
    <ClInclude Include="c_lib\sdl\md5_loader\src\Helpers.hpp">
      <Filter>Header Files</Filter>
    </ClInclude>
    <ClInclude Include="c_lib\sdl\md5_loader\src\MD5Animation.hpp">
      <Filter>Header Files</Filter>
    </ClInclude>
    <ClInclude Include="c_lib\sdl\md5_loader\src\MD5Model.hpp">
      <Filter>Header Files</Filter>
    </ClInclude>
    <ClInclude Include="c_lib\sdl\mesh_loader\obj_loader.hpp">
      <Filter>Header Files</Filter>
    </ClInclude>
    <ClInclude Include="c_lib\sdl\unused\IMG_savepng.h">
      <Filter>Header Files</Filter>
    </ClInclude>
    <ClInclude Include="c_lib\sdl\unused\pngfuncs.h">
      <Filter>Header Files</Filter>
    </ClInclude>
    <ClInclude Include="c_lib\sdl\unused\v.hpp">
      <Filter>Header Files</Filter>
    </ClInclude>
    <ClInclude Include="c_lib\sound\csv_parser.hpp">
      <Filter>Header Files</Filter>
    </ClInclude>
    <ClInclude Include="c_lib\sound\openal.hpp">
      <Filter>Header Files</Filter>
    </ClInclude>
    <ClInclude Include="c_lib\sound\sound.hpp">
      <Filter>Header Files</Filter>
    </ClInclude>
    <ClInclude Include="c_lib\sound\triggers.hpp">
      <Filter>Header Files</Filter>
    </ClInclude>
    <ClInclude Include="c_lib\sound\wav.hpp">
      <Filter>Header Files</Filter>
    </ClInclude>
    <ClInclude Include="c_lib\state\client_state.hpp">
      <Filter>Header Files</Filter>
    </ClInclude>
    <ClInclude Include="c_lib\state\packet_init.hpp">
      <Filter>Header Files</Filter>
    </ClInclude>
    <ClInclude Include="c_lib\state\server_state.hpp">
      <Filter>Header Files</Filter>
    </ClInclude>
    <ClInclude Include="c_lib\t_gen\cave_generator.hpp">
      <Filter>Header Files</Filter>
    </ClInclude>
    <ClInclude Include="c_lib\t_gen\noise_map.hpp">
      <Filter>Header Files</Filter>
    </ClInclude>
    <ClInclude Include="c_lib\t_gen\noise_map2.hpp">
      <Filter>Header Files</Filter>
    </ClInclude>
    <ClInclude Include="c_lib\t_gen\noise_map3.hpp">
      <Filter>Header Files</Filter>
    </ClInclude>
    <ClInclude Include="c_lib\t_gen\ore_cluster.hpp">
      <Filter>Header Files</Filter>
    </ClInclude>
    <ClInclude Include="c_lib\t_gen\perlin.hpp">
      <Filter>Header Files</Filter>
    </ClInclude>
    <ClInclude Include="c_lib\t_gen\perlin_extra.hpp">
      <Filter>Header Files</Filter>
    </ClInclude>
    <ClInclude Include="c_lib\t_gen\twister.hpp">
      <Filter>Header Files</Filter>
    </ClInclude>
    <ClInclude Include="c_lib\t_gen\_include.hpp">
      <Filter>Header Files</Filter>
    </ClInclude>
    <ClInclude Include="c_lib\t_gen\_interface.hpp">
      <Filter>Header Files</Filter>
    </ClInclude>
    <ClInclude Include="c_lib\t_gen\lib\gaussian.hpp">
      <Filter>Header Files</Filter>
    </ClInclude>
    <ClInclude Include="c_lib\t_gen\lib\global.hpp">
      <Filter>Header Files</Filter>
    </ClInclude>
    <ClInclude Include="c_lib\t_gen\lib\twister.hpp">
      <Filter>Header Files</Filter>
    </ClInclude>
    <ClInclude Include="c_lib\t_gen\lib\voronoi.hpp">
      <Filter>Header Files</Filter>
    </ClInclude>
    <ClInclude Include="c_lib\t_gen\lib\voronoi2.hpp">
      <Filter>Header Files</Filter>
    </ClInclude>
    <ClInclude Include="c_lib\t_hud\common.hpp">
      <Filter>Header Files</Filter>
    </ClInclude>
    <ClInclude Include="c_lib\t_hud\constants.hpp">
      <Filter>Header Files</Filter>
    </ClInclude>
    <ClInclude Include="c_lib\t_hud\container_hud.hpp">
      <Filter>Header Files</Filter>
    </ClInclude>
    <ClInclude Include="c_lib\t_hud\crafting_hud.hpp">
      <Filter>Header Files</Filter>
    </ClInclude>
    <ClInclude Include="c_lib\t_hud\nanite_hud.hpp">
      <Filter>Header Files</Filter>
    </ClInclude>
    <ClInclude Include="c_lib\t_hud\smelter.hpp">
      <Filter>Header Files</Filter>
    </ClInclude>
    <ClInclude Include="c_lib\t_hud\storage_block.hpp">
      <Filter>Header Files</Filter>
    </ClInclude>
    <ClInclude Include="c_lib\t_hud\texture.hpp">
      <Filter>Header Files</Filter>
    </ClInclude>
    <ClInclude Include="c_lib\t_hud\toolbelt_hud.hpp">
      <Filter>Header Files</Filter>
    </ClInclude>
    <ClInclude Include="c_lib\t_hud\ui_element.hpp">
      <Filter>Header Files</Filter>
    </ClInclude>
    <ClInclude Include="c_lib\t_hud\_include.hpp">
      <Filter>Header Files</Filter>
    </ClInclude>
    <ClInclude Include="c_lib\t_hud\_interface.hpp">
      <Filter>Header Files</Filter>
    </ClInclude>
    <ClInclude Include="c_lib\t_map\chunk_special.hpp">
      <Filter>Header Files</Filter>
    </ClInclude>
    <ClInclude Include="c_lib\t_map\ortho_projection.hpp">
      <Filter>Header Files</Filter>
    </ClInclude>
    <ClInclude Include="c_lib\t_map\t_map.hpp">
      <Filter>Header Files</Filter>
    </ClInclude>
    <ClInclude Include="c_lib\t_map\t_map_class.hpp">
      <Filter>Header Files</Filter>
    </ClInclude>
    <ClInclude Include="c_lib\t_map\t_properties.hpp">
      <Filter>Header Files</Filter>
    </ClInclude>
    <ClInclude Include="c_lib\t_map\t_vbo_class.hpp">
      <Filter>Header Files</Filter>
    </ClInclude>
    <ClInclude Include="c_lib\t_map\t_vbo_draw.hpp">
      <Filter>Header Files</Filter>
    </ClInclude>
    <ClInclude Include="c_lib\t_map\t_vbo_update.hpp">
      <Filter>Header Files</Filter>
    </ClInclude>
    <ClInclude Include="c_lib\t_map\_include.hpp">
      <Filter>Header Files</Filter>
    </ClInclude>
    <ClInclude Include="c_lib\t_map\_interface.hpp">
      <Filter>Header Files</Filter>
    </ClInclude>
    <ClInclude Include="c_lib\t_map\common\constants.hpp">
      <Filter>Header Files</Filter>
    </ClInclude>
    <ClInclude Include="c_lib\t_map\common\map_element.hpp">
      <Filter>Header Files</Filter>
    </ClInclude>
    <ClInclude Include="c_lib\t_map\config\block_dat.hpp">
      <Filter>Header Files</Filter>
    </ClInclude>
    <ClInclude Include="c_lib\t_map\config\config_util.hpp">
      <Filter>Header Files</Filter>
    </ClInclude>
    <ClInclude Include="c_lib\t_map\config\drop_dat.hpp">
      <Filter>Header Files</Filter>
    </ClInclude>
    <ClInclude Include="c_lib\t_map\config\drop_table.hpp">
      <Filter>Header Files</Filter>
    </ClInclude>
    <ClInclude Include="c_lib\t_map\config\_interface.hpp">
      <Filter>Header Files</Filter>
    </ClInclude>
    <ClInclude Include="c_lib\t_map\glsl\cache.hpp">
      <Filter>Header Files</Filter>
    </ClInclude>
    <ClInclude Include="c_lib\t_map\glsl\hash_functions.hpp">
      <Filter>Header Files</Filter>
    </ClInclude>
    <ClInclude Include="c_lib\t_map\glsl\palette.hpp">
      <Filter>Header Files</Filter>
    </ClInclude>
    <ClInclude Include="c_lib\t_map\glsl\settings.hpp">
      <Filter>Header Files</Filter>
    </ClInclude>
    <ClInclude Include="c_lib\t_map\glsl\shader.hpp">
      <Filter>Header Files</Filter>
    </ClInclude>
    <ClInclude Include="c_lib\t_map\glsl\structs.hpp">
      <Filter>Header Files</Filter>
    </ClInclude>
    <ClInclude Include="c_lib\t_map\glsl\texture.hpp">
      <Filter>Header Files</Filter>
    </ClInclude>
    <ClInclude Include="c_lib\t_map\net\t_CtoS.hpp">
      <Filter>Header Files</Filter>
    </ClInclude>
    <ClInclude Include="c_lib\t_map\net\t_net.hpp">
      <Filter>Header Files</Filter>
    </ClInclude>
    <ClInclude Include="c_lib\t_map\net\t_StoC.hpp">
      <Filter>Header Files</Filter>
    </ClInclude>
    <ClInclude Include="c_lib\t_map\server\env_process.hpp">
      <Filter>Header Files</Filter>
    </ClInclude>
    <ClInclude Include="c_lib\t_map\server\manager.hpp">
      <Filter>Header Files</Filter>
    </ClInclude>
    <ClInclude Include="c_lib\t_map\server\manager_class.hpp">
      <Filter>Header Files</Filter>
    </ClInclude>
    <ClInclude Include="c_lib\t_map\server\subscription_list.hpp">
      <Filter>Header Files</Filter>
    </ClInclude>
    <ClInclude Include="c_lib\t_mech\draw.hpp">
      <Filter>Header Files</Filter>
    </ClInclude>
    <ClInclude Include="c_lib\t_mech\state.hpp">
      <Filter>Header Files</Filter>
    </ClInclude>
    <ClInclude Include="c_lib\t_mech\_include.hpp">
      <Filter>Header Files</Filter>
    </ClInclude>
    <ClInclude Include="c_lib\t_mech\_interface.hpp">
      <Filter>Header Files</Filter>
    </ClInclude>
    <ClInclude Include="c_lib\voxel\common.h">
      <Filter>Header Files</Filter>
    </ClInclude>
    <ClInclude Include="c_lib\voxel\common_data.h">
      <Filter>Header Files</Filter>
    </ClInclude>
    <ClInclude Include="c_lib\voxel\constants.hpp">
      <Filter>Header Files</Filter>
    </ClInclude>
    <ClInclude Include="c_lib\voxel\voxel_dat.hpp">
      <Filter>Header Files</Filter>
    </ClInclude>
    <ClInclude Include="c_lib\voxel\voxel_hitscan.hpp">
      <Filter>Header Files</Filter>
    </ClInclude>
    <ClInclude Include="c_lib\voxel\voxel_loader.hpp">
      <Filter>Header Files</Filter>
    </ClInclude>
    <ClInclude Include="c_lib\voxel\voxel_model.hpp">
      <Filter>Header Files</Filter>
    </ClInclude>
    <ClInclude Include="c_lib\voxel\voxel_render.hpp">
      <Filter>Header Files</Filter>
    </ClInclude>
    <ClInclude Include="c_lib\voxel\voxel_volume.hpp">
      <Filter>Header Files</Filter>
    </ClInclude>
    <ClInclude Include="c_lib\voxel\vox_dat_init.hpp">
      <Filter>Header Files</Filter>
    </ClInclude>
    <ClInclude Include="net_lib\global.hpp">
      <Filter>Header Files</Filter>
    </ClInclude>
    <ClInclude Include="net_lib\host.hpp">
      <Filter>Header Files</Filter>
    </ClInclude>
    <ClInclude Include="net_lib\net_CtoS.hpp">
      <Filter>Header Files</Filter>
    </ClInclude>
    <ClInclude Include="net_lib\net_StoC.hpp">
      <Filter>Header Files</Filter>
    </ClInclude>
    <ClInclude Include="net_lib\_include.hpp">
      <Filter>Header Files</Filter>
    </ClInclude>
    <ClInclude Include="net_lib\benchmark\pviz.h">
      <Filter>Header Files</Filter>
    </ClInclude>
    <ClInclude Include="net_lib\benchmark\benchmark.hpp">
      <Filter>Header Files</Filter>
    </ClInclude>
    <ClInclude Include="net_lib\common\message_handler.h">
      <Filter>Header Files</Filter>
    </ClInclude>
    <ClInclude Include="net_lib\common\net_time.h">
      <Filter>Header Files</Filter>
    </ClInclude>
    <ClInclude Include="net_lib\common\sequencer.h">
      <Filter>Header Files</Filter>
    </ClInclude>
    <ClInclude Include="net_lib\common\type_pack.h">
      <Filter>Header Files</Filter>
    </ClInclude>
    <ClInclude Include="net_lib\common\net_peer.hpp">
      <Filter>Header Files</Filter>
    </ClInclude>
    <ClInclude Include="net_lib\common\net_peer_manager.hpp">
      <Filter>Header Files</Filter>
    </ClInclude>
    <ClInclude Include="net_lib\common\packet_buffer.hpp">
      <Filter>Header Files</Filter>
    </ClInclude>
    <ClInclude Include="net_lib\common\packet_id_counter.hpp">
      <Filter>Header Files</Filter>
    </ClInclude>
    <ClInclude Include="net_lib\enet\callbacks.h">
      <Filter>Header Files</Filter>
    </ClInclude>
    <ClInclude Include="net_lib\enet\enet.h">
      <Filter>Header Files</Filter>
    </ClInclude>
    <ClInclude Include="net_lib\enet\list.h">
      <Filter>Header Files</Filter>
    </ClInclude>
    <ClInclude Include="net_lib\enet\protocol.h">
      <Filter>Header Files</Filter>
    </ClInclude>
    <ClInclude Include="net_lib\enet\time.h">
      <Filter>Header Files</Filter>
    </ClInclude>
    <ClInclude Include="net_lib\enet\types.h">
      <Filter>Header Files</Filter>
    </ClInclude>
    <ClInclude Include="net_lib\enet\unix.h">
      <Filter>Header Files</Filter>
    </ClInclude>
    <ClInclude Include="net_lib\enet\utility.h">
      <Filter>Header Files</Filter>
    </ClInclude>
    <ClInclude Include="net_lib\enet\win32.h">
      <Filter>Header Files</Filter>
    </ClInclude>
  </ItemGroup>
  <ItemGroup>
    <None Include="c_lib\sdl\md5_loader\glm\gtc\half_float.inl">
      <Filter>Header Files</Filter>
    </None>
    <None Include="c_lib\sdl\md5_loader\glm\gtc\matrix_access.inl">
      <Filter>Header Files</Filter>
    </None>
    <None Include="c_lib\sdl\md5_loader\glm\gtc\matrix_inverse.inl">
      <Filter>Header Files</Filter>
    </None>
    <None Include="c_lib\sdl\md5_loader\glm\gtc\matrix_transform.inl">
      <Filter>Header Files</Filter>
    </None>
    <None Include="c_lib\sdl\md5_loader\glm\gtc\quaternion.inl">
      <Filter>Header Files</Filter>
    </None>
    <None Include="c_lib\sdl\md5_loader\glm\gtc\swizzle.inl">
      <Filter>Header Files</Filter>
    </None>
    <None Include="c_lib\sdl\md5_loader\glm\gtc\type_precision.inl">
      <Filter>Header Files</Filter>
    </None>
    <None Include="c_lib\sdl\md5_loader\glm\gtc\type_ptr.inl">
      <Filter>Header Files</Filter>
    </None>
    <None Include="c_lib\sdl\md5_loader\glm\gtx\associated_min_max.inl">
      <Filter>Header Files</Filter>
    </None>
    <None Include="c_lib\sdl\md5_loader\glm\gtx\bit.inl">
      <Filter>Header Files</Filter>
    </None>
    <None Include="c_lib\sdl\md5_loader\glm\gtx\closest_point.inl">
      <Filter>Header Files</Filter>
    </None>
    <None Include="c_lib\sdl\md5_loader\glm\gtx\color_cast.inl">
      <Filter>Header Files</Filter>
    </None>
    <None Include="c_lib\sdl\md5_loader\glm\gtx\color_space.inl">
      <Filter>Header Files</Filter>
    </None>
    <None Include="c_lib\sdl\md5_loader\glm\gtx\color_space_YCoCg.inl">
      <Filter>Header Files</Filter>
    </None>
    <None Include="c_lib\sdl\md5_loader\glm\gtx\compatibility.inl">
      <Filter>Header Files</Filter>
    </None>
    <None Include="c_lib\sdl\md5_loader\glm\gtx\component_wise.inl">
      <Filter>Header Files</Filter>
    </None>
    <None Include="c_lib\sdl\md5_loader\glm\gtx\epsilon.inl">
      <Filter>Header Files</Filter>
    </None>
    <None Include="c_lib\sdl\md5_loader\glm\gtx\euler_angles.inl">
      <Filter>Header Files</Filter>
    </None>
    <None Include="c_lib\sdl\md5_loader\glm\gtx\extend.inl">
      <Filter>Header Files</Filter>
    </None>
    <None Include="c_lib\sdl\md5_loader\glm\gtx\extented_min_max.inl">
      <Filter>Header Files</Filter>
    </None>
    <None Include="c_lib\sdl\md5_loader\glm\gtx\fast_exponential.inl">
      <Filter>Header Files</Filter>
    </None>
    <None Include="c_lib\sdl\md5_loader\glm\gtx\fast_square_root.inl">
      <Filter>Header Files</Filter>
    </None>
    <None Include="c_lib\sdl\md5_loader\glm\gtx\fast_trigonometry.inl">
      <Filter>Header Files</Filter>
    </None>
    <None Include="c_lib\sdl\md5_loader\glm\gtx\gradient_paint.inl">
      <Filter>Header Files</Filter>
    </None>
    <None Include="c_lib\sdl\md5_loader\glm\gtx\handed_coordinate_space.inl">
      <Filter>Header Files</Filter>
    </None>
    <None Include="c_lib\sdl\md5_loader\glm\gtx\inertia.inl">
      <Filter>Header Files</Filter>
    </None>
    <None Include="c_lib\sdl\md5_loader\glm\gtx\integer.inl">
      <Filter>Header Files</Filter>
    </None>
    <None Include="c_lib\sdl\md5_loader\glm\gtx\intersect.inl">
      <Filter>Header Files</Filter>
    </None>
    <None Include="c_lib\sdl\md5_loader\glm\gtx\int_10_10_10_2.inl">
      <Filter>Header Files</Filter>
    </None>
    <None Include="c_lib\sdl\md5_loader\glm\gtx\log_base.inl">
      <Filter>Header Files</Filter>
    </None>
    <None Include="c_lib\sdl\md5_loader\glm\gtx\matrix_cross_product.inl">
      <Filter>Header Files</Filter>
    </None>
    <None Include="c_lib\sdl\md5_loader\glm\gtx\matrix_major_storage.inl">
      <Filter>Header Files</Filter>
    </None>
    <None Include="c_lib\sdl\md5_loader\glm\gtx\matrix_operation.inl">
      <Filter>Header Files</Filter>
    </None>
    <None Include="c_lib\sdl\md5_loader\glm\gtx\matrix_query.inl">
      <Filter>Header Files</Filter>
    </None>
    <None Include="c_lib\sdl\md5_loader\glm\gtx\mixed_product.inl">
      <Filter>Header Files</Filter>
    </None>
    <None Include="c_lib\sdl\md5_loader\glm\gtx\multiple.inl">
      <Filter>Header Files</Filter>
    </None>
    <None Include="c_lib\sdl\md5_loader\glm\gtx\norm.inl">
      <Filter>Header Files</Filter>
    </None>
    <None Include="c_lib\sdl\md5_loader\glm\gtx\normal.inl">
      <Filter>Header Files</Filter>
    </None>
    <None Include="c_lib\sdl\md5_loader\glm\gtx\normalize_dot.inl">
      <Filter>Header Files</Filter>
    </None>
    <None Include="c_lib\sdl\md5_loader\glm\gtx\number_precision.inl">
      <Filter>Header Files</Filter>
    </None>
    <None Include="c_lib\sdl\md5_loader\glm\gtx\ocl_type.inl">
      <Filter>Header Files</Filter>
    </None>
    <None Include="c_lib\sdl\md5_loader\glm\gtx\optimum_pow.inl">
      <Filter>Header Files</Filter>
    </None>
    <None Include="c_lib\sdl\md5_loader\glm\gtx\orthonormalize.inl">
      <Filter>Header Files</Filter>
    </None>
    <None Include="c_lib\sdl\md5_loader\glm\gtx\perpendicular.inl">
      <Filter>Header Files</Filter>
    </None>
    <None Include="c_lib\sdl\md5_loader\glm\gtx\polar_coordinates.inl">
      <Filter>Header Files</Filter>
    </None>
    <None Include="c_lib\sdl\md5_loader\glm\gtx\projection.inl">
      <Filter>Header Files</Filter>
    </None>
    <None Include="c_lib\sdl\md5_loader\glm\gtx\quaternion.inl">
      <Filter>Header Files</Filter>
    </None>
    <None Include="c_lib\sdl\md5_loader\glm\gtx\random.inl">
      <Filter>Header Files</Filter>
    </None>
    <None Include="c_lib\sdl\md5_loader\glm\gtx\raw_data.inl">
      <Filter>Header Files</Filter>
    </None>
    <None Include="c_lib\sdl\md5_loader\glm\gtx\reciprocal.inl">
      <Filter>Header Files</Filter>
    </None>
    <None Include="c_lib\sdl\md5_loader\glm\gtx\rotate_vector.inl">
      <Filter>Header Files</Filter>
    </None>
    <None Include="c_lib\sdl\md5_loader\glm\gtx\simd_mat4.inl">
      <Filter>Header Files</Filter>
    </None>
    <None Include="c_lib\sdl\md5_loader\glm\gtx\simd_vec4.inl">
      <Filter>Header Files</Filter>
    </None>
    <None Include="c_lib\sdl\md5_loader\glm\gtx\spline.inl">
      <Filter>Header Files</Filter>
    </None>
    <None Include="c_lib\sdl\md5_loader\glm\gtx\std_based_type.inl">
      <Filter>Header Files</Filter>
    </None>
    <None Include="c_lib\sdl\md5_loader\glm\gtx\string_cast.inl">
      <Filter>Header Files</Filter>
    </None>
    <None Include="c_lib\sdl\md5_loader\glm\gtx\transform.inl">
      <Filter>Header Files</Filter>
    </None>
    <None Include="c_lib\sdl\md5_loader\glm\gtx\transform2.inl">
      <Filter>Header Files</Filter>
    </None>
    <None Include="c_lib\sdl\md5_loader\glm\gtx\unsigned_int.inl">
      <Filter>Header Files</Filter>
    </None>
    <None Include="c_lib\sdl\md5_loader\glm\gtx\vec1.inl">
      <Filter>Header Files</Filter>
    </None>
    <None Include="c_lib\sdl\md5_loader\glm\gtx\vector_access.inl">
      <Filter>Header Files</Filter>
    </None>
    <None Include="c_lib\sdl\md5_loader\glm\gtx\vector_angle.inl">
      <Filter>Header Files</Filter>
    </None>
    <None Include="c_lib\sdl\md5_loader\glm\gtx\vector_query.inl">
      <Filter>Header Files</Filter>
    </None>
    <None Include="c_lib\sdl\md5_loader\glm\gtx\verbose_operator.inl">
      <Filter>Header Files</Filter>
    </None>
    <None Include="c_lib\sdl\md5_loader\glm\gtx\wrap.inl">
      <Filter>Header Files</Filter>
    </None>
  </ItemGroup>
</Project>